
Microsoft Visual Studio Solution File, Format Version 12.00
# Visual Studio 15
VisualStudioVersion = 15.0.26730.12
MinimumVisualStudioVersion = 10.0.40219.1
Project("{2150E333-8FDC-42A3-9474-1A3956D46DE8}") = "Gnamod Base A16", "Gnamod Base A16", "{368D8A8A-D2DD-4C28-8673-70E712DDEE7F}"
EndProject
Project("{2150E333-8FDC-42A3-9474-1A3956D46DE8}") = "Config", "Config", "{F4973C1A-7B64-451D-A042-3E31A095FDE7}"
	ProjectSection(SolutionItems) = preProject
		Gnamod Base A16\Config\biomes.xml = Gnamod Base A16\Config\biomes.xml
		Gnamod Base A16\Config\blocks.xml = Gnamod Base A16\Config\blocks.xml
		Gnamod Base A16\Config\buffs.xml = Gnamod Base A16\Config\buffs.xml
		Gnamod Base A16\Config\entityclasses.xml = Gnamod Base A16\Config\entityclasses.xml
		Gnamod Base A16\Config\entitygroups.xml = Gnamod Base A16\Config\entitygroups.xml
		Gnamod Base A16\Config\gamestages.xml = Gnamod Base A16\Config\gamestages.xml
		Gnamod Base A16\Config\items.xml = Gnamod Base A16\Config\items.xml
		Gnamod Base A16\Config\Localization - Quest.txt = Gnamod Base A16\Config\Localization - Quest.txt
		Gnamod Base A16\Config\Localization.txt = Gnamod Base A16\Config\Localization.txt
		Gnamod Base A16\Config\loot.xml = Gnamod Base A16\Config\loot.xml
		Gnamod Base A16\Config\quests.xml = Gnamod Base A16\Config\quests.xml
		Gnamod Base A16\Config\recipes.xml = Gnamod Base A16\Config\recipes.xml
		Gnamod Base A16\Config\rwgmixer.xml = Gnamod Base A16\Config\rwgmixer.xml
		Gnamod Base A16\Config\spawning.xml = Gnamod Base A16\Config\spawning.xml
	EndProjectSection
EndProject
Project("{2150E333-8FDC-42A3-9474-1A3956D46DE8}") = "Prefabs", "Prefabs", "{3657383E-2177-494B-AC76-09D56FFE33E4}"
	ProjectSection(SolutionItems) = preProject
		Gnamod Base A16\Prefabs\cabin_snow_hidden_01.xml = Gnamod Base A16\Prefabs\cabin_snow_hidden_01.xml
		Gnamod Base A16\Prefabs\cave_01.xml = Gnamod Base A16\Prefabs\cave_01.xml
		Gnamod Base A16\Prefabs\cave_02.xml = Gnamod Base A16\Prefabs\cave_02.xml
		Gnamod Base A16\Prefabs\cave_03.xml = Gnamod Base A16\Prefabs\cave_03.xml
		Gnamod Base A16\Prefabs\cave_04.xml = Gnamod Base A16\Prefabs\cave_04.xml
		Gnamod Base A16\Prefabs\settlement_01.xml = Gnamod Base A16\Prefabs\settlement_01.xml
		Gnamod Base A16\Prefabs\settlement_trader_01.xml = Gnamod Base A16\Prefabs\settlement_trader_01.xml
		Gnamod Base A16\Prefabs\settlement_trader_02.xml = Gnamod Base A16\Prefabs\settlement_trader_02.xml
		Gnamod Base A16\Prefabs\settlement_trader_03.xml = Gnamod Base A16\Prefabs\settlement_trader_03.xml
		Gnamod Base A16\Prefabs\settlement_trader_04.xml = Gnamod Base A16\Prefabs\settlement_trader_04.xml
		Gnamod Base A16\Prefabs\settlement_trader_05.xml = Gnamod Base A16\Prefabs\settlement_trader_05.xml
	EndProjectSection
EndProject
Project("{2150E333-8FDC-42A3-9474-1A3956D46DE8}") = "Gnamod Nomad A16", "Gnamod Nomad A16", "{59B2D2EA-6459-47FB-9265-0762DEFAF571}"
	ProjectSection(SolutionItems) = preProject
		Gnamod Nomad A16\biomes.xml = Gnamod Nomad A16\biomes.xml
		Gnamod Nomad A16\recipes.xml = Gnamod Nomad A16\recipes.xml
	EndProjectSection
EndProject
Project("{2150E333-8FDC-42A3-9474-1A3956D46DE8}") = "XUI", "XUI", "{80418FBB-BD82-4E59-AEB1-D4620977E4E4}"
	ProjectSection(SolutionItems) = preProject
		Gnamod Base A16\Config\XUi\controls.xml = Gnamod Base A16\Config\XUi\controls.xml
		Gnamod Base A16\Config\XUi\styles.xml = Gnamod Base A16\Config\XUi\styles.xml
		Gnamod Base A16\Config\XUi\windows.xml = Gnamod Base A16\Config\XUi\windows.xml
	EndProjectSection
EndProject
Project("{2150E333-8FDC-42A3-9474-1A3956D46DE8}") = "Vanilla Base", "Vanilla Base", "{8CB5D6AD-B6E1-4AF3-9788-430D41710431}"
EndProject
Project("{2150E333-8FDC-42A3-9474-1A3956D46DE8}") = "Config", "Config", "{3C4175A2-CD0B-4CD3-9C87-E10D8CCB8B0D}"
	ProjectSection(SolutionItems) = preProject
		Vanilla Base\Config\archetypes.xml = Vanilla Base\Config\archetypes.xml
		Vanilla Base\Config\biomes.xml = Vanilla Base\Config\biomes.xml
		Vanilla Base\Config\blocks.xml = Vanilla Base\Config\blocks.xml
		Vanilla Base\Config\buffs.xml = Vanilla Base\Config\buffs.xml
		Vanilla Base\Config\entityclasses.xml = Vanilla Base\Config\entityclasses.xml
		Vanilla Base\Config\entitygroups.xml = Vanilla Base\Config\entitygroups.xml
		Vanilla Base\Config\gamestages.xml = Vanilla Base\Config\gamestages.xml
		Vanilla Base\Config\items.xml = Vanilla Base\Config\items.xml
		Vanilla Base\Config\Localization - Quest.txt = Vanilla Base\Config\Localization - Quest.txt
		Vanilla Base\Config\Localization.txt = Vanilla Base\Config\Localization.txt
		Vanilla Base\Config\loot.xml = Vanilla Base\Config\loot.xml
		Vanilla Base\Config\materials.xml = Vanilla Base\Config\materials.xml
		Vanilla Base\Config\misc.xml = Vanilla Base\Config\misc.xml
		Vanilla Base\Config\npc.xml = Vanilla Base\Config\npc.xml
		Vanilla Base\Config\painting.xml = Vanilla Base\Config\painting.xml
		Vanilla Base\Config\physicsbodies.xml = Vanilla Base\Config\physicsbodies.xml
		Vanilla Base\Config\progression.xml = Vanilla Base\Config\progression.xml
		Vanilla Base\Config\qualityinfo.xml = Vanilla Base\Config\qualityinfo.xml
		Vanilla Base\Config\quests.xml = Vanilla Base\Config\quests.xml
		Vanilla Base\Config\recipes.xml = Vanilla Base\Config\recipes.xml
		Vanilla Base\Config\rwgmixer.xml = Vanilla Base\Config\rwgmixer.xml
		Vanilla Base\Config\sounds.xml = Vanilla Base\Config\sounds.xml
		Vanilla Base\Config\spawning.xml = Vanilla Base\Config\spawning.xml
		Vanilla Base\Config\Stealth.txt = Vanilla Base\Config\Stealth.txt
		Vanilla Base\Config\traders.xml = Vanilla Base\Config\traders.xml
		Vanilla Base\Config\utilityai.xml = Vanilla Base\Config\utilityai.xml
		Vanilla Base\Config\vehicles.xml = Vanilla Base\Config\vehicles.xml
		Vanilla Base\Config\weathersurvival.xml = Vanilla Base\Config\weathersurvival.xml
		Vanilla Base\Config\XML.txt = Vanilla Base\Config\XML.txt
		Vanilla Base\Config\xui.xml = Vanilla Base\Config\xui.xml
	EndProjectSection
EndProject
Project("{2150E333-8FDC-42A3-9474-1A3956D46DE8}") = "Prefabs", "Prefabs", "{10763CE2-2BA8-4D4A-8DAF-D8853DC27287}"
	ProjectSection(SolutionItems) = preProject
		Vanilla Base\Prefabs\01_dev_12_wide_security_gate.xml = Vanilla Base\Prefabs\01_dev_12_wide_security_gate.xml
		Vanilla Base\Prefabs\01_dev_2_wide_3_high_wall_hole.xml = Vanilla Base\Prefabs\01_dev_2_wide_3_high_wall_hole.xml
		Vanilla Base\Prefabs\01_dev_3_wide_2_high_wall_hole.xml = Vanilla Base\Prefabs\01_dev_3_wide_2_high_wall_hole.xml
		Vanilla Base\Prefabs\01_dev_5_wide_barbed_wire.xml = Vanilla Base\Prefabs\01_dev_5_wide_barbed_wire.xml
		Vanilla Base\Prefabs\01_dev_5_wide_blockade.xml = Vanilla Base\Prefabs\01_dev_5_wide_blockade.xml
		Vanilla Base\Prefabs\01_dev_5_wide_hole_01.xml = Vanilla Base\Prefabs\01_dev_5_wide_hole_01.xml
		Vanilla Base\Prefabs\01_dev_5_wide_hole_02.xml = Vanilla Base\Prefabs\01_dev_5_wide_hole_02.xml
		Vanilla Base\Prefabs\01_dev_5_wide_rubble_01.xml = Vanilla Base\Prefabs\01_dev_5_wide_rubble_01.xml
		Vanilla Base\Prefabs\01_dev_5_wide_security_gate.xml = Vanilla Base\Prefabs\01_dev_5_wide_security_gate.xml
		Vanilla Base\Prefabs\01_dev_5_wide_spiked_wall_01.xml = Vanilla Base\Prefabs\01_dev_5_wide_spiked_wall_01.xml
		Vanilla Base\Prefabs\01_dev_6_wide_blockade_01.xml = Vanilla Base\Prefabs\01_dev_6_wide_blockade_01.xml
		Vanilla Base\Prefabs\01_dev_freight_crane.xml = Vanilla Base\Prefabs\01_dev_freight_crane.xml
		Vanilla Base\Prefabs\01_dev_freight_lift.xml = Vanilla Base\Prefabs\01_dev_freight_lift.xml
		Vanilla Base\Prefabs\01_dev_lava_bucket.xml = Vanilla Base\Prefabs\01_dev_lava_bucket.xml
		Vanilla Base\Prefabs\01_dev_meat_grinder.xml = Vanilla Base\Prefabs\01_dev_meat_grinder.xml
		Vanilla Base\Prefabs\01_dev_pipestack_01.xml = Vanilla Base\Prefabs\01_dev_pipestack_01.xml
		Vanilla Base\Prefabs\01_dev_roof_01.xml = Vanilla Base\Prefabs\01_dev_roof_01.xml
		Vanilla Base\Prefabs\01_dev_roof_02.xml = Vanilla Base\Prefabs\01_dev_roof_02.xml
		Vanilla Base\Prefabs\01_dev_roof_03.xml = Vanilla Base\Prefabs\01_dev_roof_03.xml
		Vanilla Base\Prefabs\01_dev_roof_steeple_corner_in.xml = Vanilla Base\Prefabs\01_dev_roof_steeple_corner_in.xml
		Vanilla Base\Prefabs\01_dev_roof_steeple_corner_out.xml = Vanilla Base\Prefabs\01_dev_roof_steeple_corner_out.xml
		Vanilla Base\Prefabs\01_dev_roof_wedge_corner_in.xml = Vanilla Base\Prefabs\01_dev_roof_wedge_corner_in.xml
		Vanilla Base\Prefabs\01_dev_roof_wedge_corner_out.xml = Vanilla Base\Prefabs\01_dev_roof_wedge_corner_out.xml
		Vanilla Base\Prefabs\01_dev_sec_gate_cntr_full_hall.xml = Vanilla Base\Prefabs\01_dev_sec_gate_cntr_full_hall.xml
		Vanilla Base\Prefabs\01_dev_shelf_crates_01.xml = Vanilla Base\Prefabs\01_dev_shelf_crates_01.xml
		Vanilla Base\Prefabs\01_dev_stacked_brick_01.xml = Vanilla Base\Prefabs\01_dev_stacked_brick_01.xml
		Vanilla Base\Prefabs\01_dev_stacked_brick_02.xml = Vanilla Base\Prefabs\01_dev_stacked_brick_02.xml
		Vanilla Base\Prefabs\01_dev_stacked_crates_01.xml = Vanilla Base\Prefabs\01_dev_stacked_crates_01.xml
		Vanilla Base\Prefabs\01_dev_stacked_vents_01.xml = Vanilla Base\Prefabs\01_dev_stacked_vents_01.xml
		Vanilla Base\Prefabs\01_dev_stair_rubble_01.xml = Vanilla Base\Prefabs\01_dev_stair_rubble_01.xml
		Vanilla Base\Prefabs\01_dev_stair_security_gate.xml = Vanilla Base\Prefabs\01_dev_stair_security_gate.xml
		Vanilla Base\Prefabs\01_dev_table_pipe_01.xml = Vanilla Base\Prefabs\01_dev_table_pipe_01.xml
		Vanilla Base\Prefabs\aa_all_loot.xml = Vanilla Base\Prefabs\aa_all_loot.xml
		Vanilla Base\Prefabs\aaa_all_glass.xml = Vanilla Base\Prefabs\aaa_all_glass.xml
		Vanilla Base\Prefabs\aaa_sleeper_spawn_platforms.xml = Vanilla Base\Prefabs\aaa_sleeper_spawn_platforms.xml
		Vanilla Base\Prefabs\aaa_sleeper_spawn_platforms_02.xml = Vanilla Base\Prefabs\aaa_sleeper_spawn_platforms_02.xml
		Vanilla Base\Prefabs\aaa_sleeper_spawntimeloctest_1.xml = Vanilla Base\Prefabs\aaa_sleeper_spawntimeloctest_1.xml
		Vanilla Base\Prefabs\aaa_temp_mall.xml = Vanilla Base\Prefabs\aaa_temp_mall.xml
		Vanilla Base\Prefabs\aaa_temp_sawmill_shacks.xml = Vanilla Base\Prefabs\aaa_temp_sawmill_shacks.xml
		Vanilla Base\Prefabs\abandoned_house_01.xml = Vanilla Base\Prefabs\abandoned_house_01.xml
		Vanilla Base\Prefabs\abandoned_house_02.xml = Vanilla Base\Prefabs\abandoned_house_02.xml
		Vanilla Base\Prefabs\abandoned_house_03.xml = Vanilla Base\Prefabs\abandoned_house_03.xml
		Vanilla Base\Prefabs\abandoned_house_04.xml = Vanilla Base\Prefabs\abandoned_house_04.xml
		Vanilla Base\Prefabs\abandoned_house_05.xml = Vanilla Base\Prefabs\abandoned_house_05.xml
		Vanilla Base\Prefabs\abandoned_house_06.xml = Vanilla Base\Prefabs\abandoned_house_06.xml
		Vanilla Base\Prefabs\abandoned_house_07.xml = Vanilla Base\Prefabs\abandoned_house_07.xml
		Vanilla Base\Prefabs\abandoned_house_08.xml = Vanilla Base\Prefabs\abandoned_house_08.xml
		Vanilla Base\Prefabs\apartment_adobe_red_5_flr.xml = Vanilla Base\Prefabs\apartment_adobe_red_5_flr.xml
		Vanilla Base\Prefabs\apartment_brick_6_flr.xml = Vanilla Base\Prefabs\apartment_brick_6_flr.xml
		Vanilla Base\Prefabs\army_barracks_01.xml = Vanilla Base\Prefabs\army_barracks_01.xml
		Vanilla Base\Prefabs\army_camp_01.xml = Vanilla Base\Prefabs\army_camp_01.xml
		Vanilla Base\Prefabs\army_camp_02.xml = Vanilla Base\Prefabs\army_camp_02.xml
		Vanilla Base\Prefabs\army_camp_03.xml = Vanilla Base\Prefabs\army_camp_03.xml
		Vanilla Base\Prefabs\bar_sm_01.xml = Vanilla Base\Prefabs\bar_sm_01.xml
		Vanilla Base\Prefabs\bar_stripclub_01.xml = Vanilla Base\Prefabs\bar_stripclub_01.xml
		Vanilla Base\Prefabs\bar_theater_01.xml = Vanilla Base\Prefabs\bar_theater_01.xml
		Vanilla Base\Prefabs\barn_01.xml = Vanilla Base\Prefabs\barn_01.xml
		Vanilla Base\Prefabs\barn_02.xml = Vanilla Base\Prefabs\barn_02.xml
		Vanilla Base\Prefabs\barn_03.xml = Vanilla Base\Prefabs\barn_03.xml
		Vanilla Base\Prefabs\blueberryfield_sm.xml = Vanilla Base\Prefabs\blueberryfield_sm.xml
		Vanilla Base\Prefabs\bluff01.xml = Vanilla Base\Prefabs\bluff01.xml
		Vanilla Base\Prefabs\bombshelter_lg_01.xml = Vanilla Base\Prefabs\bombshelter_lg_01.xml
		Vanilla Base\Prefabs\bombshelter_md_01.xml = Vanilla Base\Prefabs\bombshelter_md_01.xml
		Vanilla Base\Prefabs\bridge_asphalt1.xml = Vanilla Base\Prefabs\bridge_asphalt1.xml
		Vanilla Base\Prefabs\bridge_asphalt2.xml = Vanilla Base\Prefabs\bridge_asphalt2.xml
		Vanilla Base\Prefabs\bridge_asphalt3.xml = Vanilla Base\Prefabs\bridge_asphalt3.xml
		Vanilla Base\Prefabs\bridge_asphalt_broken.xml = Vanilla Base\Prefabs\bridge_asphalt_broken.xml
		Vanilla Base\Prefabs\bridge_concrete1.xml = Vanilla Base\Prefabs\bridge_concrete1.xml
		Vanilla Base\Prefabs\bridge_wood1.xml = Vanilla Base\Prefabs\bridge_wood1.xml
		Vanilla Base\Prefabs\bridge_wood2_sm.xml = Vanilla Base\Prefabs\bridge_wood2_sm.xml
		Vanilla Base\Prefabs\bridge_wood3_sm.xml = Vanilla Base\Prefabs\bridge_wood3_sm.xml
		Vanilla Base\Prefabs\business_red_brick_01.xml = Vanilla Base\Prefabs\business_red_brick_01.xml
		Vanilla Base\Prefabs\business_red_brick_02.xml = Vanilla Base\Prefabs\business_red_brick_02.xml
		Vanilla Base\Prefabs\business_red_brick_03.xml = Vanilla Base\Prefabs\business_red_brick_03.xml
		Vanilla Base\Prefabs\business_red_brick_04.xml = Vanilla Base\Prefabs\business_red_brick_04.xml
		Vanilla Base\Prefabs\business_red_brick_05.xml = Vanilla Base\Prefabs\business_red_brick_05.xml
		Vanilla Base\Prefabs\business_red_brick_06.xml = Vanilla Base\Prefabs\business_red_brick_06.xml
		Vanilla Base\Prefabs\business_red_brick_07.xml = Vanilla Base\Prefabs\business_red_brick_07.xml
		Vanilla Base\Prefabs\business_strip_old_01.xml = Vanilla Base\Prefabs\business_strip_old_01.xml
		Vanilla Base\Prefabs\business_strip_old_02.xml = Vanilla Base\Prefabs\business_strip_old_02.xml
		Vanilla Base\Prefabs\business_tan_brick_01.xml = Vanilla Base\Prefabs\business_tan_brick_01.xml
		Vanilla Base\Prefabs\business_tan_brick_02.xml = Vanilla Base\Prefabs\business_tan_brick_02.xml
		Vanilla Base\Prefabs\business_tan_brick_03.xml = Vanilla Base\Prefabs\business_tan_brick_03.xml
		Vanilla Base\Prefabs\business_tan_brick_04.xml = Vanilla Base\Prefabs\business_tan_brick_04.xml
		Vanilla Base\Prefabs\business_tan_brick_05.xml = Vanilla Base\Prefabs\business_tan_brick_05.xml
		Vanilla Base\Prefabs\cabin_01.xml = Vanilla Base\Prefabs\cabin_01.xml
		Vanilla Base\Prefabs\cabin_02_sm.xml = Vanilla Base\Prefabs\cabin_02_sm.xml
		Vanilla Base\Prefabs\cabin_03_lg.xml = Vanilla Base\Prefabs\cabin_03_lg.xml
		Vanilla Base\Prefabs\cabin_04_md.xml = Vanilla Base\Prefabs\cabin_04_md.xml
		Vanilla Base\Prefabs\cabin_05_lg.xml = Vanilla Base\Prefabs\cabin_05_lg.xml
		Vanilla Base\Prefabs\cabin_06_lg.xml = Vanilla Base\Prefabs\cabin_06_lg.xml
		Vanilla Base\Prefabs\cabin_snow_hidden_01.xml = Vanilla Base\Prefabs\cabin_snow_hidden_01.xml
		Vanilla Base\Prefabs\campsite_01.xml = Vanilla Base\Prefabs\campsite_01.xml
		Vanilla Base\Prefabs\campsite_02.xml = Vanilla Base\Prefabs\campsite_02.xml
		Vanilla Base\Prefabs\campsite_03.xml = Vanilla Base\Prefabs\campsite_03.xml
		Vanilla Base\Prefabs\campsite_04.xml = Vanilla Base\Prefabs\campsite_04.xml
		Vanilla Base\Prefabs\campsite_06.xml = Vanilla Base\Prefabs\campsite_06.xml
		Vanilla Base\Prefabs\campsite_06a.xml = Vanilla Base\Prefabs\campsite_06a.xml
		Vanilla Base\Prefabs\campsite_07.xml = Vanilla Base\Prefabs\campsite_07.xml
		Vanilla Base\Prefabs\campsite_07a.xml = Vanilla Base\Prefabs\campsite_07a.xml
		Vanilla Base\Prefabs\canyon_car_wreck.xml = Vanilla Base\Prefabs\canyon_car_wreck.xml
		Vanilla Base\Prefabs\canyon_cliff_dwellings.xml = Vanilla Base\Prefabs\canyon_cliff_dwellings.xml
		Vanilla Base\Prefabs\canyon_gift_shop.xml = Vanilla Base\Prefabs\canyon_gift_shop.xml
		Vanilla Base\Prefabs\canyon_gift_shop_sign.xml = Vanilla Base\Prefabs\canyon_gift_shop_sign.xml
		Vanilla Base\Prefabs\canyon_mine.xml = Vanilla Base\Prefabs\canyon_mine.xml
		Vanilla Base\Prefabs\carlot_01.xml = Vanilla Base\Prefabs\carlot_01.xml
		Vanilla Base\Prefabs\carlot_02.xml = Vanilla Base\Prefabs\carlot_02.xml
		Vanilla Base\Prefabs\cave_01.xml = Vanilla Base\Prefabs\cave_01.xml
		Vanilla Base\Prefabs\cave_02.xml = Vanilla Base\Prefabs\cave_02.xml
		Vanilla Base\Prefabs\cave_03.xml = Vanilla Base\Prefabs\cave_03.xml
		Vanilla Base\Prefabs\cave_04.xml = Vanilla Base\Prefabs\cave_04.xml
		Vanilla Base\Prefabs\cemetery_01.xml = Vanilla Base\Prefabs\cemetery_01.xml
		Vanilla Base\Prefabs\cemetery_02.xml = Vanilla Base\Prefabs\cemetery_02.xml
		Vanilla Base\Prefabs\church_graveyard1.xml = Vanilla Base\Prefabs\church_graveyard1.xml
		Vanilla Base\Prefabs\church_sm_01.xml = Vanilla Base\Prefabs\church_sm_01.xml
		Vanilla Base\Prefabs\cornfield_lg.xml = Vanilla Base\Prefabs\cornfield_lg.xml
		Vanilla Base\Prefabs\cornfield_med.xml = Vanilla Base\Prefabs\cornfield_med.xml
		Vanilla Base\Prefabs\cornfield_sm.xml = Vanilla Base\Prefabs\cornfield_sm.xml
		Vanilla Base\Prefabs\courthouse_med_01.xml = Vanilla Base\Prefabs\courthouse_med_01.xml
		Vanilla Base\Prefabs\courthouse_med_02.xml = Vanilla Base\Prefabs\courthouse_med_02.xml
		Vanilla Base\Prefabs\departure_bridge_01.xml = Vanilla Base\Prefabs\departure_bridge_01.xml
		Vanilla Base\Prefabs\departure_bridge_02.xml = Vanilla Base\Prefabs\departure_bridge_02.xml
		Vanilla Base\Prefabs\departure_city_blk_01.xml = Vanilla Base\Prefabs\departure_city_blk_01.xml
		Vanilla Base\Prefabs\departure_city_sign.xml = Vanilla Base\Prefabs\departure_city_sign.xml
		Vanilla Base\Prefabs\desert_arch.xml = Vanilla Base\Prefabs\desert_arch.xml
		Vanilla Base\Prefabs\desert_form01.xml = Vanilla Base\Prefabs\desert_form01.xml
		Vanilla Base\Prefabs\desert_form02.xml = Vanilla Base\Prefabs\desert_form02.xml
		Vanilla Base\Prefabs\diersville_city_sign_01.xml = Vanilla Base\Prefabs\diersville_city_sign_01.xml
		Vanilla Base\Prefabs\diner_01.xml = Vanilla Base\Prefabs\diner_01.xml
		Vanilla Base\Prefabs\diner_02.xml = Vanilla Base\Prefabs\diner_02.xml
		Vanilla Base\Prefabs\docks_01.xml = Vanilla Base\Prefabs\docks_01.xml
		Vanilla Base\Prefabs\docks_02.xml = Vanilla Base\Prefabs\docks_02.xml
		Vanilla Base\Prefabs\docks_03.xml = Vanilla Base\Prefabs\docks_03.xml
		Vanilla Base\Prefabs\docks_04.xml = Vanilla Base\Prefabs\docks_04.xml
		Vanilla Base\Prefabs\docks_05.xml = Vanilla Base\Prefabs\docks_05.xml
		Vanilla Base\Prefabs\factory_lg_01.xml = Vanilla Base\Prefabs\factory_lg_01.xml
		Vanilla Base\Prefabs\factory_lg_01_ah.xml = Vanilla Base\Prefabs\factory_lg_01_ah.xml
		Vanilla Base\Prefabs\factory_lg_02.xml = Vanilla Base\Prefabs\factory_lg_02.xml
		Vanilla Base\Prefabs\factory_lg_02_ch.xml = Vanilla Base\Prefabs\factory_lg_02_ch.xml
		Vanilla Base\Prefabs\farm_drv1.xml = Vanilla Base\Prefabs\farm_drv1.xml
		Vanilla Base\Prefabs\farm_fence_wood1.xml = Vanilla Base\Prefabs\farm_fence_wood1.xml
		Vanilla Base\Prefabs\farm_fence_wood2.xml = Vanilla Base\Prefabs\farm_fence_wood2.xml
		Vanilla Base\Prefabs\farm_shed1.xml = Vanilla Base\Prefabs\farm_shed1.xml
		Vanilla Base\Prefabs\farm_shed2.xml = Vanilla Base\Prefabs\farm_shed2.xml
		Vanilla Base\Prefabs\farm_shed3.xml = Vanilla Base\Prefabs\farm_shed3.xml
		Vanilla Base\Prefabs\farm_shed4.xml = Vanilla Base\Prefabs\farm_shed4.xml
		Vanilla Base\Prefabs\farm_walk1.xml = Vanilla Base\Prefabs\farm_walk1.xml
		Vanilla Base\Prefabs\fastfood_01.xml = Vanilla Base\Prefabs\fastfood_01.xml
		Vanilla Base\Prefabs\fastfood_02.xml = Vanilla Base\Prefabs\fastfood_02.xml
		Vanilla Base\Prefabs\fastfood_03.xml = Vanilla Base\Prefabs\fastfood_03.xml
		Vanilla Base\Prefabs\fence_crn_wd1.xml = Vanilla Base\Prefabs\fence_crn_wd1.xml
		Vanilla Base\Prefabs\fence_crn_wd2.xml = Vanilla Base\Prefabs\fence_crn_wd2.xml
		Vanilla Base\Prefabs\fence_ctr_nr1.xml = Vanilla Base\Prefabs\fence_ctr_nr1.xml
		Vanilla Base\Prefabs\fence_ctr_nr2.xml = Vanilla Base\Prefabs\fence_ctr_nr2.xml
		Vanilla Base\Prefabs\fence_ctr_nr3.xml = Vanilla Base\Prefabs\fence_ctr_nr3.xml
		Vanilla Base\Prefabs\fence_ctr_wd1.xml = Vanilla Base\Prefabs\fence_ctr_wd1.xml
		Vanilla Base\Prefabs\fence_ctr_wd2.xml = Vanilla Base\Prefabs\fence_ctr_wd2.xml
		Vanilla Base\Prefabs\fence_pkt_nr1.xml = Vanilla Base\Prefabs\fence_pkt_nr1.xml
		Vanilla Base\Prefabs\fence_pkt_nr2.xml = Vanilla Base\Prefabs\fence_pkt_nr2.xml
		Vanilla Base\Prefabs\fence_pkt_wd1.xml = Vanilla Base\Prefabs\fence_pkt_wd1.xml
		Vanilla Base\Prefabs\fence_pkt_wd2.xml = Vanilla Base\Prefabs\fence_pkt_wd2.xml
		Vanilla Base\Prefabs\fire_station_01.xml = Vanilla Base\Prefabs\fire_station_01.xml
		Vanilla Base\Prefabs\fire_station_02.xml = Vanilla Base\Prefabs\fire_station_02.xml
		Vanilla Base\Prefabs\football_stadium.xml = Vanilla Base\Prefabs\football_stadium.xml
		Vanilla Base\Prefabs\funeral_home_01.xml = Vanilla Base\Prefabs\funeral_home_01.xml
		Vanilla Base\Prefabs\garageblue1.xml = Vanilla Base\Prefabs\garageblue1.xml
		Vanilla Base\Prefabs\garagebrick.xml = Vanilla Base\Prefabs\garagebrick.xml
		Vanilla Base\Prefabs\garageburnt1.xml = Vanilla Base\Prefabs\garageburnt1.xml
		Vanilla Base\Prefabs\garagegreen1.xml = Vanilla Base\Prefabs\garagegreen1.xml
		Vanilla Base\Prefabs\garagestucco1.xml = Vanilla Base\Prefabs\garagestucco1.xml
		Vanilla Base\Prefabs\garagetan1.xml = Vanilla Base\Prefabs\garagetan1.xml
		Vanilla Base\Prefabs\garagewhite1.xml = Vanilla Base\Prefabs\garagewhite1.xml
		Vanilla Base\Prefabs\garageyellow1.xml = Vanilla Base\Prefabs\garageyellow1.xml
		Vanilla Base\Prefabs\gas_station1.xml = Vanilla Base\Prefabs\gas_station1.xml
		Vanilla Base\Prefabs\gas_station2.xml = Vanilla Base\Prefabs\gas_station2.xml
		Vanilla Base\Prefabs\gas_station3.xml = Vanilla Base\Prefabs\gas_station3.xml
		Vanilla Base\Prefabs\gas_station4.xml = Vanilla Base\Prefabs\gas_station4.xml
		Vanilla Base\Prefabs\gas_station5.xml = Vanilla Base\Prefabs\gas_station5.xml
		Vanilla Base\Prefabs\gravestowne_city_sign_01.xml = Vanilla Base\Prefabs\gravestowne_city_sign_01.xml
		Vanilla Base\Prefabs\hospital_01.xml = Vanilla Base\Prefabs\hospital_01.xml
		Vanilla Base\Prefabs\hospital_01_rg.xml = Vanilla Base\Prefabs\hospital_01_rg.xml
		Vanilla Base\Prefabs\hotel_new_01.xml = Vanilla Base\Prefabs\hotel_new_01.xml
		Vanilla Base\Prefabs\hotel_ostrich.xml = Vanilla Base\Prefabs\hotel_ostrich.xml
		Vanilla Base\Prefabs\hotel_roadside_01.xml = Vanilla Base\Prefabs\hotel_roadside_01.xml
		Vanilla Base\Prefabs\hotel_roadside_02.xml = Vanilla Base\Prefabs\hotel_roadside_02.xml
		Vanilla Base\Prefabs\house_new_01.xml = Vanilla Base\Prefabs\house_new_01.xml
		Vanilla Base\Prefabs\house_new_02.xml = Vanilla Base\Prefabs\house_new_02.xml
		Vanilla Base\Prefabs\house_new_03.xml = Vanilla Base\Prefabs\house_new_03.xml
		Vanilla Base\Prefabs\house_new_04.xml = Vanilla Base\Prefabs\house_new_04.xml
		Vanilla Base\Prefabs\house_new_05.xml = Vanilla Base\Prefabs\house_new_05.xml
		Vanilla Base\Prefabs\house_new_06.xml = Vanilla Base\Prefabs\house_new_06.xml
		Vanilla Base\Prefabs\house_new_mansion_01.xml = Vanilla Base\Prefabs\house_new_mansion_01.xml
		Vanilla Base\Prefabs\house_new_mansion_02.xml = Vanilla Base\Prefabs\house_new_mansion_02.xml
		Vanilla Base\Prefabs\house_new_mansion_03.xml = Vanilla Base\Prefabs\house_new_mansion_03.xml
		Vanilla Base\Prefabs\house_trailer_blue_01.xml = Vanilla Base\Prefabs\house_trailer_blue_01.xml
		Vanilla Base\Prefabs\house_trailer_burnt_01.xml = Vanilla Base\Prefabs\house_trailer_burnt_01.xml
		Vanilla Base\Prefabs\house_trailer_burnt_01_intact.xml = Vanilla Base\Prefabs\house_trailer_burnt_01_intact.xml
		Vanilla Base\Prefabs\house_trailer_green_01.xml = Vanilla Base\Prefabs\house_trailer_green_01.xml
		Vanilla Base\Prefabs\house_trailer_tan_01.xml = Vanilla Base\Prefabs\house_trailer_tan_01.xml
		Vanilla Base\Prefabs\house_trailer_white_01.xml = Vanilla Base\Prefabs\house_trailer_white_01.xml
		Vanilla Base\Prefabs\house_trailer_yellow_01.xml = Vanilla Base\Prefabs\house_trailer_yellow_01.xml
		Vanilla Base\Prefabs\houseblue1.xml = Vanilla Base\Prefabs\houseblue1.xml
		Vanilla Base\Prefabs\houseblue1_eric.xml = Vanilla Base\Prefabs\houseblue1_eric.xml
		Vanilla Base\Prefabs\housebrick1.xml = Vanilla Base\Prefabs\housebrick1.xml
		Vanilla Base\Prefabs\houseburnt1.xml = Vanilla Base\Prefabs\houseburnt1.xml
		Vanilla Base\Prefabs\houseburnt2.xml = Vanilla Base\Prefabs\houseburnt2.xml
		Vanilla Base\Prefabs\houseburnt2_intact.xml = Vanilla Base\Prefabs\houseburnt2_intact.xml
		Vanilla Base\Prefabs\houseburnt3.xml = Vanilla Base\Prefabs\houseburnt3.xml
		Vanilla Base\Prefabs\houseburnt3_intact.xml = Vanilla Base\Prefabs\houseburnt3_intact.xml
		Vanilla Base\Prefabs\houseburnt3b.xml = Vanilla Base\Prefabs\houseburnt3b.xml
		Vanilla Base\Prefabs\houseburnt4.xml = Vanilla Base\Prefabs\houseburnt4.xml
		Vanilla Base\Prefabs\houseburnt4_intact.xml = Vanilla Base\Prefabs\houseburnt4_intact.xml
		Vanilla Base\Prefabs\houseburnt5.xml = Vanilla Base\Prefabs\houseburnt5.xml
		Vanilla Base\Prefabs\houseburnt_deco1.xml = Vanilla Base\Prefabs\houseburnt_deco1.xml
		Vanilla Base\Prefabs\houseburnt_deco2.xml = Vanilla Base\Prefabs\houseburnt_deco2.xml
		Vanilla Base\Prefabs\housegreen1.xml = Vanilla Base\Prefabs\housegreen1.xml
		Vanilla Base\Prefabs\houseranchblue1.xml = Vanilla Base\Prefabs\houseranchblue1.xml
		Vanilla Base\Prefabs\houseranchtan1.xml = Vanilla Base\Prefabs\houseranchtan1.xml
		Vanilla Base\Prefabs\houseranchtan2.xml = Vanilla Base\Prefabs\houseranchtan2.xml
		Vanilla Base\Prefabs\houseranchwhite1.xml = Vanilla Base\Prefabs\houseranchwhite1.xml
		Vanilla Base\Prefabs\housestucco1.xml = Vanilla Base\Prefabs\housestucco1.xml
		Vanilla Base\Prefabs\housestucco2.xml = Vanilla Base\Prefabs\housestucco2.xml
		Vanilla Base\Prefabs\housestucco3.xml = Vanilla Base\Prefabs\housestucco3.xml
		Vanilla Base\Prefabs\housetan2.xml = Vanilla Base\Prefabs\housetan2.xml
		Vanilla Base\Prefabs\housetanpyramid2.xml = Vanilla Base\Prefabs\housetanpyramid2.xml
		Vanilla Base\Prefabs\housewhite1.xml = Vanilla Base\Prefabs\housewhite1.xml
		Vanilla Base\Prefabs\housewhite1basement.xml = Vanilla Base\Prefabs\housewhite1basement.xml
		Vanilla Base\Prefabs\housewhite2.xml = Vanilla Base\Prefabs\housewhite2.xml
		Vanilla Base\Prefabs\housewhitepyramid1.xml = Vanilla Base\Prefabs\housewhitepyramid1.xml
		Vanilla Base\Prefabs\housewhitepyramid2.xml = Vanilla Base\Prefabs\housewhitepyramid2.xml
		Vanilla Base\Prefabs\housewhitepyramid3.xml = Vanilla Base\Prefabs\housewhitepyramid3.xml
		Vanilla Base\Prefabs\houseyellow1.xml = Vanilla Base\Prefabs\houseyellow1.xml
		Vanilla Base\Prefabs\houseyellowpyramid3.xml = Vanilla Base\Prefabs\houseyellowpyramid3.xml
		Vanilla Base\Prefabs\hwy_overpass_sign_01.xml = Vanilla Base\Prefabs\hwy_overpass_sign_01.xml
		Vanilla Base\Prefabs\indian_burial_grounds_01.xml = Vanilla Base\Prefabs\indian_burial_grounds_01.xml
		Vanilla Base\Prefabs\installation_red_mesa.xml = Vanilla Base\Prefabs\installation_red_mesa.xml
		Vanilla Base\Prefabs\installation_red_mesa_security.xml = Vanilla Base\Prefabs\installation_red_mesa_security.xml
		Vanilla Base\Prefabs\installation_red_mesa_sign.xml = Vanilla Base\Prefabs\installation_red_mesa_sign.xml
		Vanilla Base\Prefabs\junkyard_lg_01.xml = Vanilla Base\Prefabs\junkyard_lg_01.xml
		Vanilla Base\Prefabs\junkyard_med_01.xml = Vanilla Base\Prefabs\junkyard_med_01.xml
		Vanilla Base\Prefabs\lot_blk_full1.xml = Vanilla Base\Prefabs\lot_blk_full1.xml
		Vanilla Base\Prefabs\lot_blk_full2.xml = Vanilla Base\Prefabs\lot_blk_full2.xml
		Vanilla Base\Prefabs\mailbox1.xml = Vanilla Base\Prefabs\mailbox1.xml
		Vanilla Base\Prefabs\mp_waste_bldg_01_red.xml = Vanilla Base\Prefabs\mp_waste_bldg_01_red.xml
		Vanilla Base\Prefabs\mp_waste_bldg_01_tan.xml = Vanilla Base\Prefabs\mp_waste_bldg_01_tan.xml
		Vanilla Base\Prefabs\mp_waste_bldg_01_white.xml = Vanilla Base\Prefabs\mp_waste_bldg_01_white.xml
		Vanilla Base\Prefabs\mp_waste_bldg_02_red.xml = Vanilla Base\Prefabs\mp_waste_bldg_02_red.xml
		Vanilla Base\Prefabs\mp_waste_bldg_02_tan.xml = Vanilla Base\Prefabs\mp_waste_bldg_02_tan.xml
		Vanilla Base\Prefabs\mp_waste_bldg_03_intact.xml = Vanilla Base\Prefabs\mp_waste_bldg_03_intact.xml
		Vanilla Base\Prefabs\mp_waste_bldg_03_red.xml = Vanilla Base\Prefabs\mp_waste_bldg_03_red.xml
		Vanilla Base\Prefabs\mp_waste_bldg_03_tan.xml = Vanilla Base\Prefabs\mp_waste_bldg_03_tan.xml
		Vanilla Base\Prefabs\mp_waste_bldg_03_white.xml = Vanilla Base\Prefabs\mp_waste_bldg_03_white.xml
		Vanilla Base\Prefabs\mp_waste_bldg_04_grey.xml = Vanilla Base\Prefabs\mp_waste_bldg_04_grey.xml
		Vanilla Base\Prefabs\mp_waste_bldg_04_red.xml = Vanilla Base\Prefabs\mp_waste_bldg_04_red.xml
		Vanilla Base\Prefabs\mp_waste_bldg_04_tan.xml = Vanilla Base\Prefabs\mp_waste_bldg_04_tan.xml
		Vanilla Base\Prefabs\mp_waste_bldg_04_white.xml = Vanilla Base\Prefabs\mp_waste_bldg_04_white.xml
		Vanilla Base\Prefabs\mp_waste_bldg_05_grey.xml = Vanilla Base\Prefabs\mp_waste_bldg_05_grey.xml
		Vanilla Base\Prefabs\mp_waste_bldg_06_grey.xml = Vanilla Base\Prefabs\mp_waste_bldg_06_grey.xml
		Vanilla Base\Prefabs\mp_waste_bldg_06_intact.xml = Vanilla Base\Prefabs\mp_waste_bldg_06_intact.xml
		Vanilla Base\Prefabs\mp_waste_bldg_07_intact.xml = Vanilla Base\Prefabs\mp_waste_bldg_07_intact.xml
		Vanilla Base\Prefabs\mp_waste_bldg_governer_08.xml = Vanilla Base\Prefabs\mp_waste_bldg_governer_08.xml
		Vanilla Base\Prefabs\mp_waste_bldg_ornate_01_intact.xml = Vanilla Base\Prefabs\mp_waste_bldg_ornate_01_intact.xml
		Vanilla Base\Prefabs\mp_waste_bldg_ornate_02_intact.xml = Vanilla Base\Prefabs\mp_waste_bldg_ornate_02_intact.xml
		Vanilla Base\Prefabs\mp_waste_bldg_ornate_03_intact.xml = Vanilla Base\Prefabs\mp_waste_bldg_ornate_03_intact.xml
		Vanilla Base\Prefabs\mp_waste_cover_01.xml = Vanilla Base\Prefabs\mp_waste_cover_01.xml
		Vanilla Base\Prefabs\mp_waste_cover_02.xml = Vanilla Base\Prefabs\mp_waste_cover_02.xml
		Vanilla Base\Prefabs\mp_waste_hole_asphalt_01.xml = Vanilla Base\Prefabs\mp_waste_hole_asphalt_01.xml
		Vanilla Base\Prefabs\mp_waste_hole_rock_01.xml = Vanilla Base\Prefabs\mp_waste_hole_rock_01.xml
		Vanilla Base\Prefabs\mp_waste_lot1.xml = Vanilla Base\Prefabs\mp_waste_lot1.xml
		Vanilla Base\Prefabs\mp_waste_lot1_half.xml = Vanilla Base\Prefabs\mp_waste_lot1_half.xml
		Vanilla Base\Prefabs\mp_waste_lot1_quarter.xml = Vanilla Base\Prefabs\mp_waste_lot1_quarter.xml
		Vanilla Base\Prefabs\mp_waste_pile_01.xml = Vanilla Base\Prefabs\mp_waste_pile_01.xml
		Vanilla Base\Prefabs\mp_waste_pile_02.xml = Vanilla Base\Prefabs\mp_waste_pile_02.xml
		Vanilla Base\Prefabs\mp_waste_pile_03.xml = Vanilla Base\Prefabs\mp_waste_pile_03.xml
		Vanilla Base\Prefabs\mp_waste_pile_04.xml = Vanilla Base\Prefabs\mp_waste_pile_04.xml
		Vanilla Base\Prefabs\mp_waste_pile_05.xml = Vanilla Base\Prefabs\mp_waste_pile_05.xml
		Vanilla Base\Prefabs\mp_waste_sewer_01.xml = Vanilla Base\Prefabs\mp_waste_sewer_01.xml
		Vanilla Base\Prefabs\mp_waste_sewer_hole_1.xml = Vanilla Base\Prefabs\mp_waste_sewer_hole_1.xml
		Vanilla Base\Prefabs\mp_waste_sewer_hole_2.xml = Vanilla Base\Prefabs\mp_waste_sewer_hole_2.xml
		Vanilla Base\Prefabs\mp_waste_tree_pile_01.xml = Vanilla Base\Prefabs\mp_waste_tree_pile_01.xml
		Vanilla Base\Prefabs\mp_waste_tree_pile_02.xml = Vanilla Base\Prefabs\mp_waste_tree_pile_02.xml
		Vanilla Base\Prefabs\oldwest_church.xml = Vanilla Base\Prefabs\oldwest_church.xml
		Vanilla Base\Prefabs\oldwest_gallows.xml = Vanilla Base\Prefabs\oldwest_gallows.xml
		Vanilla Base\Prefabs\oldwest_graveyard.xml = Vanilla Base\Prefabs\oldwest_graveyard.xml
		Vanilla Base\Prefabs\oldwest_hotel_01.xml = Vanilla Base\Prefabs\oldwest_hotel_01.xml
		Vanilla Base\Prefabs\oldwest_hotel_02.xml = Vanilla Base\Prefabs\oldwest_hotel_02.xml
		Vanilla Base\Prefabs\oldwest_jail.xml = Vanilla Base\Prefabs\oldwest_jail.xml
		Vanilla Base\Prefabs\oldwest_md_shop_01.xml = Vanilla Base\Prefabs\oldwest_md_shop_01.xml
		Vanilla Base\Prefabs\oldwest_md_shop_02.xml = Vanilla Base\Prefabs\oldwest_md_shop_02.xml
		Vanilla Base\Prefabs\oldwest_md_shop_03.xml = Vanilla Base\Prefabs\oldwest_md_shop_03.xml
		Vanilla Base\Prefabs\oldwest_md_shop_04.xml = Vanilla Base\Prefabs\oldwest_md_shop_04.xml
		Vanilla Base\Prefabs\oldwest_sm_shop_01.xml = Vanilla Base\Prefabs\oldwest_sm_shop_01.xml
		Vanilla Base\Prefabs\oldwest_sm_shop_02.xml = Vanilla Base\Prefabs\oldwest_sm_shop_02.xml
		Vanilla Base\Prefabs\oldwest_sm_shop_03.xml = Vanilla Base\Prefabs\oldwest_sm_shop_03.xml
		Vanilla Base\Prefabs\oldwest_stables.xml = Vanilla Base\Prefabs\oldwest_stables.xml
		Vanilla Base\Prefabs\oldwest_watertower.xml = Vanilla Base\Prefabs\oldwest_watertower.xml
		Vanilla Base\Prefabs\parking_garage_01.xml = Vanilla Base\Prefabs\parking_garage_01.xml
		Vanilla Base\Prefabs\parking_lot_01.xml = Vanilla Base\Prefabs\parking_lot_01.xml
		Vanilla Base\Prefabs\parking_lot_02.xml = Vanilla Base\Prefabs\parking_lot_02.xml
		Vanilla Base\Prefabs\parking_lot_03.xml = Vanilla Base\Prefabs\parking_lot_03.xml
		Vanilla Base\Prefabs\perishton_city_sign_01.xml = Vanilla Base\Prefabs\perishton_city_sign_01.xml
		Vanilla Base\Prefabs\plains_mainstreet_blk_01.xml = Vanilla Base\Prefabs\plains_mainstreet_blk_01.xml
		Vanilla Base\Prefabs\plains_mainstreet_blk_02.xml = Vanilla Base\Prefabs\plains_mainstreet_blk_02.xml
		Vanilla Base\Prefabs\plains_mainstreet_blk_03.xml = Vanilla Base\Prefabs\plains_mainstreet_blk_03.xml
		Vanilla Base\Prefabs\plains_mainstreet_blk_04.xml = Vanilla Base\Prefabs\plains_mainstreet_blk_04.xml
		Vanilla Base\Prefabs\plains_mainstreet_blk_05.xml = Vanilla Base\Prefabs\plains_mainstreet_blk_05.xml
		Vanilla Base\Prefabs\plains_mainstreet_blk_06.xml = Vanilla Base\Prefabs\plains_mainstreet_blk_06.xml
		Vanilla Base\Prefabs\plains_mainstreet_median_01.xml = Vanilla Base\Prefabs\plains_mainstreet_median_01.xml
		Vanilla Base\Prefabs\player_start1.xml = Vanilla Base\Prefabs\player_start1.xml
		Vanilla Base\Prefabs\player_start2.xml = Vanilla Base\Prefabs\player_start2.xml
		Vanilla Base\Prefabs\player_start3.xml = Vanilla Base\Prefabs\player_start3.xml
		Vanilla Base\Prefabs\player_start4.xml = Vanilla Base\Prefabs\player_start4.xml
		Vanilla Base\Prefabs\player_start5.xml = Vanilla Base\Prefabs\player_start5.xml
		Vanilla Base\Prefabs\player_start6.xml = Vanilla Base\Prefabs\player_start6.xml
		Vanilla Base\Prefabs\police_station1.xml = Vanilla Base\Prefabs\police_station1.xml
		Vanilla Base\Prefabs\pond01.xml = Vanilla Base\Prefabs\pond01.xml
		Vanilla Base\Prefabs\pond02.xml = Vanilla Base\Prefabs\pond02.xml
		Vanilla Base\Prefabs\post_office_med_01.xml = Vanilla Base\Prefabs\post_office_med_01.xml
		Vanilla Base\Prefabs\post_office_sm_01.xml = Vanilla Base\Prefabs\post_office_sm_01.xml
		Vanilla Base\Prefabs\potatofield_sm.xml = Vanilla Base\Prefabs\potatofield_sm.xml
		Vanilla Base\Prefabs\prison_01.xml = Vanilla Base\Prefabs\prison_01.xml
		Vanilla Base\Prefabs\ranger_station1.xml = Vanilla Base\Prefabs\ranger_station1.xml
		Vanilla Base\Prefabs\resource_coal_pile.xml = Vanilla Base\Prefabs\resource_coal_pile.xml
		Vanilla Base\Prefabs\resource_lead_pile.xml = Vanilla Base\Prefabs\resource_lead_pile.xml
		Vanilla Base\Prefabs\resource_nitrate_pile.xml = Vanilla Base\Prefabs\resource_nitrate_pile.xml
		Vanilla Base\Prefabs\resource_oilshale_pile.xml = Vanilla Base\Prefabs\resource_oilshale_pile.xml
		Vanilla Base\Prefabs\rg_bridge_45_01.xml = Vanilla Base\Prefabs\rg_bridge_45_01.xml
		Vanilla Base\Prefabs\rg_bridge_straight_01.xml = Vanilla Base\Prefabs\rg_bridge_straight_01.xml
		Vanilla Base\Prefabs\rg_cave_sm_01.xml = Vanilla Base\Prefabs\rg_cave_sm_01.xml
		Vanilla Base\Prefabs\rg_cave_spawn_01.xml = Vanilla Base\Prefabs\rg_cave_spawn_01.xml
		Vanilla Base\Prefabs\rg_socket_road_straight_01.xml = Vanilla Base\Prefabs\rg_socket_road_straight_01.xml
		Vanilla Base\Prefabs\rg_waste_hub_blk_full.xml = Vanilla Base\Prefabs\rg_waste_hub_blk_full.xml
		Vanilla Base\Prefabs\rg_waste_hub_blk_half.xml = Vanilla Base\Prefabs\rg_waste_hub_blk_half.xml
		Vanilla Base\Prefabs\rg_waste_hub_blk_quartered.xml = Vanilla Base\Prefabs\rg_waste_hub_blk_quartered.xml
		Vanilla Base\Prefabs\rg_waste_hub_blk_t.xml = Vanilla Base\Prefabs\rg_waste_hub_blk_t.xml
		Vanilla Base\Prefabs\road_railing_long_filled_01.xml = Vanilla Base\Prefabs\road_railing_long_filled_01.xml
		Vanilla Base\Prefabs\rock_form01.xml = Vanilla Base\Prefabs\rock_form01.xml
		Vanilla Base\Prefabs\rock_form02.xml = Vanilla Base\Prefabs\rock_form02.xml
		Vanilla Base\Prefabs\sawmill_01_snow.xml = Vanilla Base\Prefabs\sawmill_01_snow.xml
		Vanilla Base\Prefabs\sawmill_02_custom_navezgane.xml = Vanilla Base\Prefabs\sawmill_02_custom_navezgane.xml
		Vanilla Base\Prefabs\school_01.xml = Vanilla Base\Prefabs\school_01.xml
		Vanilla Base\Prefabs\school_daycare_01.xml = Vanilla Base\Prefabs\school_daycare_01.xml
		Vanilla Base\Prefabs\school_k6_01.xml = Vanilla Base\Prefabs\school_k6_01.xml
		Vanilla Base\Prefabs\settlement_01.xml = Vanilla Base\Prefabs\settlement_01.xml
		Vanilla Base\Prefabs\settlement_trader_01.xml = Vanilla Base\Prefabs\settlement_trader_01.xml
		Vanilla Base\Prefabs\settlement_trader_02.xml = Vanilla Base\Prefabs\settlement_trader_02.xml
		Vanilla Base\Prefabs\settlement_trader_03.xml = Vanilla Base\Prefabs\settlement_trader_03.xml
		Vanilla Base\Prefabs\settlement_trader_04.xml = Vanilla Base\Prefabs\settlement_trader_04.xml
		Vanilla Base\Prefabs\settlement_trader_05.xml = Vanilla Base\Prefabs\settlement_trader_05.xml
		Vanilla Base\Prefabs\sign_260_east_speed_65.xml = Vanilla Base\Prefabs\sign_260_east_speed_65.xml
		Vanilla Base\Prefabs\sign_260_west_speed_65.xml = Vanilla Base\Prefabs\sign_260_west_speed_65.xml
		Vanilla Base\Prefabs\sign_73_north.xml = Vanilla Base\Prefabs\sign_73_north.xml
		Vanilla Base\Prefabs\sign_73_south.xml = Vanilla Base\Prefabs\sign_73_south.xml
		Vanilla Base\Prefabs\sign_albuquerque.xml = Vanilla Base\Prefabs\sign_albuquerque.xml
		Vanilla Base\Prefabs\sign_ansel_adams_river.xml = Vanilla Base\Prefabs\sign_ansel_adams_river.xml
		Vanilla Base\Prefabs\sign_arrowhead_apache.xml = Vanilla Base\Prefabs\sign_arrowhead_apache.xml
		Vanilla Base\Prefabs\sign_camp_fish.xml = Vanilla Base\Prefabs\sign_camp_fish.xml
		Vanilla Base\Prefabs\sign_caution.xml = Vanilla Base\Prefabs\sign_caution.xml
		Vanilla Base\Prefabs\sign_hazardous_waste.xml = Vanilla Base\Prefabs\sign_hazardous_waste.xml
		Vanilla Base\Prefabs\sign_info_center1.xml = Vanilla Base\Prefabs\sign_info_center1.xml
		Vanilla Base\Prefabs\sign_navezgane_natl_forest.xml = Vanilla Base\Prefabs\sign_navezgane_natl_forest.xml
		Vanilla Base\Prefabs\sign_phoenix.xml = Vanilla Base\Prefabs\sign_phoenix.xml
		Vanilla Base\Prefabs\sign_road_work.xml = Vanilla Base\Prefabs\sign_road_work.xml
		Vanilla Base\Prefabs\sign_school_25.xml = Vanilla Base\Prefabs\sign_school_25.xml
		Vanilla Base\Prefabs\sign_slow.xml = Vanilla Base\Prefabs\sign_slow.xml
		Vanilla Base\Prefabs\sign_speed_25.xml = Vanilla Base\Prefabs\sign_speed_25.xml
		Vanilla Base\Prefabs\sign_speed_35.xml = Vanilla Base\Prefabs\sign_speed_35.xml
		Vanilla Base\Prefabs\sign_speed_45.xml = Vanilla Base\Prefabs\sign_speed_45.xml
		Vanilla Base\Prefabs\sign_speed_55.xml = Vanilla Base\Prefabs\sign_speed_55.xml
		Vanilla Base\Prefabs\sign_spillway_lake.xml = Vanilla Base\Prefabs\sign_spillway_lake.xml
		Vanilla Base\Prefabs\sign_stop.xml = Vanilla Base\Prefabs\sign_stop.xml
		Vanilla Base\Prefabs\sign_stop_4way.xml = Vanilla Base\Prefabs\sign_stop_4way.xml
		Vanilla Base\Prefabs\skate_park_01.xml = Vanilla Base\Prefabs\skate_park_01.xml
		Vanilla Base\Prefabs\skyscraper_01.xml = Vanilla Base\Prefabs\skyscraper_01.xml
		Vanilla Base\Prefabs\skyscraper_02.xml = Vanilla Base\Prefabs\skyscraper_02.xml
		Vanilla Base\Prefabs\skyscraper_03.xml = Vanilla Base\Prefabs\skyscraper_03.xml
		Vanilla Base\Prefabs\skyscraper_04.xml = Vanilla Base\Prefabs\skyscraper_04.xml
		Vanilla Base\Prefabs\snowy_ski_lodge.xml = Vanilla Base\Prefabs\snowy_ski_lodge.xml
		Vanilla Base\Prefabs\store_autoparts_01.xml = Vanilla Base\Prefabs\store_autoparts_01.xml
		Vanilla Base\Prefabs\store_bank_lg_01.xml = Vanilla Base\Prefabs\store_bank_lg_01.xml
		Vanilla Base\Prefabs\store_book_lg_01.xml = Vanilla Base\Prefabs\store_book_lg_01.xml
		Vanilla Base\Prefabs\store_book_sm_01.xml = Vanilla Base\Prefabs\store_book_sm_01.xml
		Vanilla Base\Prefabs\store_grocery_lg_01.xml = Vanilla Base\Prefabs\store_grocery_lg_01.xml
		Vanilla Base\Prefabs\store_grocery_sm_01.xml = Vanilla Base\Prefabs\store_grocery_sm_01.xml
		Vanilla Base\Prefabs\store_gun_lg_01.xml = Vanilla Base\Prefabs\store_gun_lg_01.xml
		Vanilla Base\Prefabs\store_gun_sm_01.xml = Vanilla Base\Prefabs\store_gun_sm_01.xml
		Vanilla Base\Prefabs\store_hardware_lg_01.xml = Vanilla Base\Prefabs\store_hardware_lg_01.xml
		Vanilla Base\Prefabs\store_hardware_sm_01.xml = Vanilla Base\Prefabs\store_hardware_sm_01.xml
		Vanilla Base\Prefabs\store_laundry_01.xml = Vanilla Base\Prefabs\store_laundry_01.xml
		Vanilla Base\Prefabs\store_pawn_01.xml = Vanilla Base\Prefabs\store_pawn_01.xml
		Vanilla Base\Prefabs\store_pharmacy_sm_01.xml = Vanilla Base\Prefabs\store_pharmacy_sm_01.xml
		Vanilla Base\Prefabs\store_salon.xml = Vanilla Base\Prefabs\store_salon.xml
		Vanilla Base\Prefabs\street_apache.xml = Vanilla Base\Prefabs\street_apache.xml
		Vanilla Base\Prefabs\street_bell_courtland.xml = Vanilla Base\Prefabs\street_bell_courtland.xml
		Vanilla Base\Prefabs\street_coronado.xml = Vanilla Base\Prefabs\street_coronado.xml
		Vanilla Base\Prefabs\street_courtland_apache.xml = Vanilla Base\Prefabs\street_courtland_apache.xml
		Vanilla Base\Prefabs\street_courtland_coronado.xml = Vanilla Base\Prefabs\street_courtland_coronado.xml
		Vanilla Base\Prefabs\street_courtland_east_260.xml = Vanilla Base\Prefabs\street_courtland_east_260.xml
		Vanilla Base\Prefabs\street_davis.xml = Vanilla Base\Prefabs\street_davis.xml
		Vanilla Base\Prefabs\street_huenink_courtland.xml = Vanilla Base\Prefabs\street_huenink_courtland.xml
		Vanilla Base\Prefabs\street_lake_bell.xml = Vanilla Base\Prefabs\street_lake_bell.xml
		Vanilla Base\Prefabs\street_light_01.xml = Vanilla Base\Prefabs\street_light_01.xml
		Vanilla Base\Prefabs\street_light_02.xml = Vanilla Base\Prefabs\street_light_02.xml
		Vanilla Base\Prefabs\street_maple.xml = Vanilla Base\Prefabs\street_maple.xml
		Vanilla Base\Prefabs\street_maple_courtland.xml = Vanilla Base\Prefabs\street_maple_courtland.xml
		Vanilla Base\Prefabs\street_private.xml = Vanilla Base\Prefabs\street_private.xml
		Vanilla Base\Prefabs\street_tran_courtland.xml = Vanilla Base\Prefabs\street_tran_courtland.xml
		Vanilla Base\Prefabs\streets_essag.xml = Vanilla Base\Prefabs\streets_essag.xml
		Vanilla Base\Prefabs\streets_tran_and_lang.xml = Vanilla Base\Prefabs\streets_tran_and_lang.xml
		Vanilla Base\Prefabs\theater_01.xml = Vanilla Base\Prefabs\theater_01.xml
		Vanilla Base\Prefabs\trailer_01.xml = Vanilla Base\Prefabs\trailer_01.xml
		Vanilla Base\Prefabs\trailer_02.xml = Vanilla Base\Prefabs\trailer_02.xml
		Vanilla Base\Prefabs\trailer_03.xml = Vanilla Base\Prefabs\trailer_03.xml
		Vanilla Base\Prefabs\trailer_04.xml = Vanilla Base\Prefabs\trailer_04.xml
		Vanilla Base\Prefabs\trailer_park_01.xml = Vanilla Base\Prefabs\trailer_park_01.xml
		Vanilla Base\Prefabs\tree_birch10m.xml = Vanilla Base\Prefabs\tree_birch10m.xml
		Vanilla Base\Prefabs\tree_birch12m.xml = Vanilla Base\Prefabs\tree_birch12m.xml
		Vanilla Base\Prefabs\tree_birch15m.xml = Vanilla Base\Prefabs\tree_birch15m.xml
		Vanilla Base\Prefabs\tree_bruntpine_cluster_01.xml = Vanilla Base\Prefabs\tree_bruntpine_cluster_01.xml
		Vanilla Base\Prefabs\tree_bruntpine_cluster_02.xml = Vanilla Base\Prefabs\tree_bruntpine_cluster_02.xml
		Vanilla Base\Prefabs\tree_burntpine_01.xml = Vanilla Base\Prefabs\tree_burntpine_01.xml
		Vanilla Base\Prefabs\tree_burntpine_02.xml = Vanilla Base\Prefabs\tree_burntpine_02.xml
		Vanilla Base\Prefabs\tree_burntpine_03.xml = Vanilla Base\Prefabs\tree_burntpine_03.xml
		Vanilla Base\Prefabs\tree_cactus_01.xml = Vanilla Base\Prefabs\tree_cactus_01.xml
		Vanilla Base\Prefabs\tree_cactus_02.xml = Vanilla Base\Prefabs\tree_cactus_02.xml
		Vanilla Base\Prefabs\tree_cactus_03.xml = Vanilla Base\Prefabs\tree_cactus_03.xml
		Vanilla Base\Prefabs\tree_maple06m.xml = Vanilla Base\Prefabs\tree_maple06m.xml
		Vanilla Base\Prefabs\tree_maple13m.xml = Vanilla Base\Prefabs\tree_maple13m.xml
		Vanilla Base\Prefabs\tree_maple14m.xml = Vanilla Base\Prefabs\tree_maple14m.xml
		Vanilla Base\Prefabs\tree_maple15m.xml = Vanilla Base\Prefabs\tree_maple15m.xml
		Vanilla Base\Prefabs\tree_maple16m.xml = Vanilla Base\Prefabs\tree_maple16m.xml
		Vanilla Base\Prefabs\tree_maple17m.xml = Vanilla Base\Prefabs\tree_maple17m.xml
		Vanilla Base\Prefabs\tree_mountainpine06m.xml = Vanilla Base\Prefabs\tree_mountainpine06m.xml
		Vanilla Base\Prefabs\tree_mountainpine08m.xml = Vanilla Base\Prefabs\tree_mountainpine08m.xml
		Vanilla Base\Prefabs\tree_mountainpine13m.xml = Vanilla Base\Prefabs\tree_mountainpine13m.xml
		Vanilla Base\Prefabs\tree_mountainpine16m.xml = Vanilla Base\Prefabs\tree_mountainpine16m.xml
		Vanilla Base\Prefabs\tree_mountainpine19m.xml = Vanilla Base\Prefabs\tree_mountainpine19m.xml
		Vanilla Base\Prefabs\tree_mountainpine20m.xml = Vanilla Base\Prefabs\tree_mountainpine20m.xml
		Vanilla Base\Prefabs\tree_mountainpinedry.xml = Vanilla Base\Prefabs\tree_mountainpinedry.xml
		Vanilla Base\Prefabs\underwater_pile_01.xml = Vanilla Base\Prefabs\underwater_pile_01.xml
		Vanilla Base\Prefabs\underwater_pile_02.xml = Vanilla Base\Prefabs\underwater_pile_02.xml
		Vanilla Base\Prefabs\underwater_pile_03.xml = Vanilla Base\Prefabs\underwater_pile_03.xml
		Vanilla Base\Prefabs\utility_celltower_01.xml = Vanilla Base\Prefabs\utility_celltower_01.xml
		Vanilla Base\Prefabs\utility_celltower_02.xml = Vanilla Base\Prefabs\utility_celltower_02.xml
		Vanilla Base\Prefabs\utility_electric_co_01.xml = Vanilla Base\Prefabs\utility_electric_co_01.xml
		Vanilla Base\Prefabs\utility_refinery_01.xml = Vanilla Base\Prefabs\utility_refinery_01.xml
		Vanilla Base\Prefabs\utility_waterworks_01.xml = Vanilla Base\Prefabs\utility_waterworks_01.xml
		Vanilla Base\Prefabs\vacant_lot_med_01.xml = Vanilla Base\Prefabs\vacant_lot_med_01.xml
		Vanilla Base\Prefabs\vacant_lot_med_02.xml = Vanilla Base\Prefabs\vacant_lot_med_02.xml
		Vanilla Base\Prefabs\vacant_lot_sm_01.xml = Vanilla Base\Prefabs\vacant_lot_sm_01.xml
		Vanilla Base\Prefabs\vacant_lot_sm_02.xml = Vanilla Base\Prefabs\vacant_lot_sm_02.xml
		Vanilla Base\Prefabs\warehouse_01.xml = Vanilla Base\Prefabs\warehouse_01.xml
		Vanilla Base\Prefabs\waste_rubble_bldg_01.xml = Vanilla Base\Prefabs\waste_rubble_bldg_01.xml
		Vanilla Base\Prefabs\waste_rubble_bldg_02.xml = Vanilla Base\Prefabs\waste_rubble_bldg_02.xml
		Vanilla Base\Prefabs\waste_rubble_bldg_03.xml = Vanilla Base\Prefabs\waste_rubble_bldg_03.xml
		Vanilla Base\Prefabs\waste_rubble_bldg_04.xml = Vanilla Base\Prefabs\waste_rubble_bldg_04.xml
		Vanilla Base\Prefabs\waste_rubble_bldg_05.xml = Vanilla Base\Prefabs\waste_rubble_bldg_05.xml
		Vanilla Base\Prefabs\waste_rubble_bldg_06.xml = Vanilla Base\Prefabs\waste_rubble_bldg_06.xml
		Vanilla Base\Prefabs\waste_rubble_bldg_07.xml = Vanilla Base\Prefabs\waste_rubble_bldg_07.xml
		Vanilla Base\Prefabs\waste_rubble_bldg_08.xml = Vanilla Base\Prefabs\waste_rubble_bldg_08.xml
		Vanilla Base\Prefabs\waste_rubble_bldg_09.xml = Vanilla Base\Prefabs\waste_rubble_bldg_09.xml
		Vanilla Base\Prefabs\waste_rubble_highway_01.xml = Vanilla Base\Prefabs\waste_rubble_highway_01.xml
		Vanilla Base\Prefabs\water_tower_01.xml = Vanilla Base\Prefabs\water_tower_01.xml
		Vanilla Base\Prefabs\water_tower_02.xml = Vanilla Base\Prefabs\water_tower_02.xml
		Vanilla Base\Prefabs\water_tower_03.xml = Vanilla Base\Prefabs\water_tower_03.xml
	EndProjectSection
EndProject
Global
	GlobalSection(SolutionProperties) = preSolution
		HideSolutionNode = FALSE
	EndGlobalSection
	GlobalSection(NestedProjects) = preSolution
		{F4973C1A-7B64-451D-A042-3E31A095FDE7} = {368D8A8A-D2DD-4C28-8673-70E712DDEE7F}
		{3657383E-2177-494B-AC76-09D56FFE33E4} = {368D8A8A-D2DD-4C28-8673-70E712DDEE7F}
		{80418FBB-BD82-4E59-AEB1-D4620977E4E4} = {F4973C1A-7B64-451D-A042-3E31A095FDE7}
		{3C4175A2-CD0B-4CD3-9C87-E10D8CCB8B0D} = {8CB5D6AD-B6E1-4AF3-9788-430D41710431}
		{10763CE2-2BA8-4D4A-8DAF-D8853DC27287} = {8CB5D6AD-B6E1-4AF3-9788-430D41710431}
	EndGlobalSection
	GlobalSection(ExtensibilityGlobals) = postSolution
		SolutionGuid = {16EFF306-1B45-4D72-9C41-97F84205D2EB}
	EndGlobalSection
EndGlobal
