
Microsoft Visual Studio Solution File, Format Version 12.00
# Visual Studio 15
VisualStudioVersion = 15.0.27130.2026
MinimumVisualStudioVersion = 10.0.40219.1
Project("{2150E333-8FDC-42A3-9474-1A3956D46DE8}") = "Solution Items", "Solution Items", "{29EBA327-0C76-40AD-93BF-4529DFA2CFA9}"
	ProjectSection(SolutionItems) = preProject
		Mod Description.txt = Mod Description.txt
		ModLauncher.xml = ModLauncher.xml
	EndProjectSection
EndProject
Project("{2150E333-8FDC-42A3-9474-1A3956D46DE8}") = "Base", "Base", "{82276EC6-8FB5-4B45-8C32-F66676468619}"
EndProject
Project("{2150E333-8FDC-42A3-9474-1A3956D46DE8}") = "Config", "Config", "{C0044570-BB65-42A9-A6B6-5BEA377DBD96}"
	ProjectSection(SolutionItems) = preProject
		Base\Config\biomes.xml = Base\Config\biomes.xml
		Base\Config\blocks.xml = Base\Config\blocks.xml
		Base\Config\buffs.xml = Base\Config\buffs.xml
		Base\Config\entityclasses.xml = Base\Config\entityclasses.xml
		Base\Config\entitygroups.xml = Base\Config\entitygroups.xml
		Base\Config\gamestages.xml = Base\Config\gamestages.xml
		Base\Config\items.xml = Base\Config\items.xml
		Base\Config\Localization - Quest.txt = Base\Config\Localization - Quest.txt
		Base\Config\Localization.txt = Base\Config\Localization.txt
		Base\Config\loot.xml = Base\Config\loot.xml
		Base\Config\materials.xml = Base\Config\materials.xml
		Base\Config\progression.xml = Base\Config\progression.xml
		Base\Config\quests.xml = Base\Config\quests.xml
		Base\Config\recipes.xml = Base\Config\recipes.xml
		Base\Config\rwgmixer.xml = Base\Config\rwgmixer.xml
		Base\Config\sounds.xml = Base\Config\sounds.xml
		Base\Config\spawning.xml = Base\Config\spawning.xml
		Base\Config\traders.xml = Base\Config\traders.xml
		Base\Config\utilityai.xml = Base\Config\utilityai.xml
	EndProjectSection
EndProject
Project("{2150E333-8FDC-42A3-9474-1A3956D46DE8}") = "Mods", "Mods", "{FCEDA37B-1092-4355-AB74-CBFCFB5FD166}"
EndProject
Project("{2150E333-8FDC-42A3-9474-1A3956D46DE8}") = "Prefabs", "Prefabs", "{00F7B8F0-3D34-4149-AFE2-72FC7331ED27}"
	ProjectSection(SolutionItems) = preProject
		Base\Prefabs\abandoned_house_01.xml = Base\Prefabs\abandoned_house_01.xml
		Base\Prefabs\abandoned_house_02.xml = Base\Prefabs\abandoned_house_02.xml
		Base\Prefabs\abandoned_house_03.xml = Base\Prefabs\abandoned_house_03.xml
		Base\Prefabs\abandoned_house_04.xml = Base\Prefabs\abandoned_house_04.xml
		Base\Prefabs\abandoned_house_05.xml = Base\Prefabs\abandoned_house_05.xml
		Base\Prefabs\abandoned_house_06.xml = Base\Prefabs\abandoned_house_06.xml
		Base\Prefabs\abandoned_house_07.xml = Base\Prefabs\abandoned_house_07.xml
		Base\Prefabs\abandoned_house_08.xml = Base\Prefabs\abandoned_house_08.xml
		Base\Prefabs\apartment_adobe_red_5_flr.xml = Base\Prefabs\apartment_adobe_red_5_flr.xml
		Base\Prefabs\apartment_brick_6_flr.xml = Base\Prefabs\apartment_brick_6_flr.xml
		Base\Prefabs\army_barracks_01.xml = Base\Prefabs\army_barracks_01.xml
		Base\Prefabs\army_camp_01.xml = Base\Prefabs\army_camp_01.xml
		Base\Prefabs\army_camp_02.xml = Base\Prefabs\army_camp_02.xml
		Base\Prefabs\army_camp_03.xml = Base\Prefabs\army_camp_03.xml
		Base\Prefabs\bar_sm_01.xml = Base\Prefabs\bar_sm_01.xml
		Base\Prefabs\bar_stripclub_01.xml = Base\Prefabs\bar_stripclub_01.xml
		Base\Prefabs\bar_theater_01.xml = Base\Prefabs\bar_theater_01.xml
		Base\Prefabs\barn_01.xml = Base\Prefabs\barn_01.xml
		Base\Prefabs\barn_02.xml = Base\Prefabs\barn_02.xml
		Base\Prefabs\barn_03.xml = Base\Prefabs\barn_03.xml
		Base\Prefabs\blueberryfield_sm.xml = Base\Prefabs\blueberryfield_sm.xml
		Base\Prefabs\bombshelter_lg_01.xml = Base\Prefabs\bombshelter_lg_01.xml
		Base\Prefabs\bombshelter_md_01.xml = Base\Prefabs\bombshelter_md_01.xml
		Base\Prefabs\business_red_brick_01.xml = Base\Prefabs\business_red_brick_01.xml
		Base\Prefabs\business_red_brick_02.xml = Base\Prefabs\business_red_brick_02.xml
		Base\Prefabs\business_red_brick_03.xml = Base\Prefabs\business_red_brick_03.xml
		Base\Prefabs\business_red_brick_04.xml = Base\Prefabs\business_red_brick_04.xml
		Base\Prefabs\business_red_brick_05.xml = Base\Prefabs\business_red_brick_05.xml
		Base\Prefabs\business_red_brick_06.xml = Base\Prefabs\business_red_brick_06.xml
		Base\Prefabs\business_red_brick_07.xml = Base\Prefabs\business_red_brick_07.xml
		Base\Prefabs\business_strip_old_01.xml = Base\Prefabs\business_strip_old_01.xml
		Base\Prefabs\business_strip_old_02.xml = Base\Prefabs\business_strip_old_02.xml
		Base\Prefabs\business_tan_brick_01.xml = Base\Prefabs\business_tan_brick_01.xml
		Base\Prefabs\business_tan_brick_02.xml = Base\Prefabs\business_tan_brick_02.xml
		Base\Prefabs\business_tan_brick_03.xml = Base\Prefabs\business_tan_brick_03.xml
		Base\Prefabs\business_tan_brick_04.xml = Base\Prefabs\business_tan_brick_04.xml
		Base\Prefabs\business_tan_brick_05.xml = Base\Prefabs\business_tan_brick_05.xml
		Base\Prefabs\cabin_01.xml = Base\Prefabs\cabin_01.xml
		Base\Prefabs\cabin_02_sm.xml = Base\Prefabs\cabin_02_sm.xml
		Base\Prefabs\cabin_03_lg.xml = Base\Prefabs\cabin_03_lg.xml
		Base\Prefabs\cabin_04_md.xml = Base\Prefabs\cabin_04_md.xml
		Base\Prefabs\cabin_05_lg.xml = Base\Prefabs\cabin_05_lg.xml
		Base\Prefabs\cabin_06_lg.xml = Base\Prefabs\cabin_06_lg.xml
		Base\Prefabs\cabin_snow_hidden_01.xml = Base\Prefabs\cabin_snow_hidden_01.xml
		Base\Prefabs\campsite_01.xml = Base\Prefabs\campsite_01.xml
		Base\Prefabs\campsite_02.xml = Base\Prefabs\campsite_02.xml
		Base\Prefabs\campsite_03.xml = Base\Prefabs\campsite_03.xml
		Base\Prefabs\campsite_04.xml = Base\Prefabs\campsite_04.xml
		Base\Prefabs\campsite_06.xml = Base\Prefabs\campsite_06.xml
		Base\Prefabs\campsite_06a.xml = Base\Prefabs\campsite_06a.xml
		Base\Prefabs\campsite_07.xml = Base\Prefabs\campsite_07.xml
		Base\Prefabs\campsite_07a.xml = Base\Prefabs\campsite_07a.xml
		Base\Prefabs\carlot_01.xml = Base\Prefabs\carlot_01.xml
		Base\Prefabs\carlot_02.xml = Base\Prefabs\carlot_02.xml
		Base\Prefabs\cave_01.xml = Base\Prefabs\cave_01.xml
		Base\Prefabs\cave_02.xml = Base\Prefabs\cave_02.xml
		Base\Prefabs\cave_03.xml = Base\Prefabs\cave_03.xml
		Base\Prefabs\cave_04.xml = Base\Prefabs\cave_04.xml
		Base\Prefabs\cemetery_01.xml = Base\Prefabs\cemetery_01.xml
		Base\Prefabs\cemetery_02.xml = Base\Prefabs\cemetery_02.xml
		Base\Prefabs\church_graveyard1.xml = Base\Prefabs\church_graveyard1.xml
		Base\Prefabs\church_sm_01.xml = Base\Prefabs\church_sm_01.xml
		Base\Prefabs\cornfield_lg.xml = Base\Prefabs\cornfield_lg.xml
		Base\Prefabs\cornfield_med.xml = Base\Prefabs\cornfield_med.xml
		Base\Prefabs\cornfield_sm.xml = Base\Prefabs\cornfield_sm.xml
		Base\Prefabs\courthouse_med_01.xml = Base\Prefabs\courthouse_med_01.xml
		Base\Prefabs\courthouse_med_02.xml = Base\Prefabs\courthouse_med_02.xml
		Base\Prefabs\diner_01.xml = Base\Prefabs\diner_01.xml
		Base\Prefabs\diner_02.xml = Base\Prefabs\diner_02.xml
		Base\Prefabs\factory_lg_01.xml = Base\Prefabs\factory_lg_01.xml
		Base\Prefabs\factory_lg_02.xml = Base\Prefabs\factory_lg_02.xml
		Base\Prefabs\farm_shed1.xml = Base\Prefabs\farm_shed1.xml
		Base\Prefabs\farm_shed2.xml = Base\Prefabs\farm_shed2.xml
		Base\Prefabs\farm_shed3.xml = Base\Prefabs\farm_shed3.xml
		Base\Prefabs\farm_shed4.xml = Base\Prefabs\farm_shed4.xml
		Base\Prefabs\fastfood_01.xml = Base\Prefabs\fastfood_01.xml
		Base\Prefabs\fastfood_02.xml = Base\Prefabs\fastfood_02.xml
		Base\Prefabs\fastfood_03.xml = Base\Prefabs\fastfood_03.xml
		Base\Prefabs\fence_crn_wd1.xml = Base\Prefabs\fence_crn_wd1.xml
		Base\Prefabs\fence_crn_wd2.xml = Base\Prefabs\fence_crn_wd2.xml
		Base\Prefabs\fence_ctr_nr1.xml = Base\Prefabs\fence_ctr_nr1.xml
		Base\Prefabs\fence_ctr_nr2.xml = Base\Prefabs\fence_ctr_nr2.xml
		Base\Prefabs\fence_ctr_nr3.xml = Base\Prefabs\fence_ctr_nr3.xml
		Base\Prefabs\fence_ctr_wd1.xml = Base\Prefabs\fence_ctr_wd1.xml
		Base\Prefabs\fence_ctr_wd2.xml = Base\Prefabs\fence_ctr_wd2.xml
		Base\Prefabs\fence_pkt_nr1.xml = Base\Prefabs\fence_pkt_nr1.xml
		Base\Prefabs\fence_pkt_nr2.xml = Base\Prefabs\fence_pkt_nr2.xml
		Base\Prefabs\fence_pkt_wd1.xml = Base\Prefabs\fence_pkt_wd1.xml
		Base\Prefabs\fence_pkt_wd2.xml = Base\Prefabs\fence_pkt_wd2.xml
		Base\Prefabs\fire_station_01.xml = Base\Prefabs\fire_station_01.xml
		Base\Prefabs\fire_station_02.xml = Base\Prefabs\fire_station_02.xml
		Base\Prefabs\football_stadium.xml = Base\Prefabs\football_stadium.xml
		Base\Prefabs\funeral_home_01.xml = Base\Prefabs\funeral_home_01.xml
		Base\Prefabs\garageblue1.xml = Base\Prefabs\garageblue1.xml
		Base\Prefabs\garagebrick.xml = Base\Prefabs\garagebrick.xml
		Base\Prefabs\garageburnt1.xml = Base\Prefabs\garageburnt1.xml
		Base\Prefabs\garagegreen1.xml = Base\Prefabs\garagegreen1.xml
		Base\Prefabs\garagestucco1.xml = Base\Prefabs\garagestucco1.xml
		Base\Prefabs\garagetan1.xml = Base\Prefabs\garagetan1.xml
		Base\Prefabs\garagewhite1.xml = Base\Prefabs\garagewhite1.xml
		Base\Prefabs\garageyellow1.xml = Base\Prefabs\garageyellow1.xml
		Base\Prefabs\gas_station1.xml = Base\Prefabs\gas_station1.xml
		Base\Prefabs\gas_station2.xml = Base\Prefabs\gas_station2.xml
		Base\Prefabs\gas_station3.xml = Base\Prefabs\gas_station3.xml
		Base\Prefabs\gas_station4.xml = Base\Prefabs\gas_station4.xml
		Base\Prefabs\gas_station5.xml = Base\Prefabs\gas_station5.xml
		Base\Prefabs\hospital_01_rg.xml = Base\Prefabs\hospital_01_rg.xml
		Base\Prefabs\hotel_new_01.xml = Base\Prefabs\hotel_new_01.xml
		Base\Prefabs\hotel_ostrich.xml = Base\Prefabs\hotel_ostrich.xml
		Base\Prefabs\hotel_roadside_01.xml = Base\Prefabs\hotel_roadside_01.xml
		Base\Prefabs\hotel_roadside_02.xml = Base\Prefabs\hotel_roadside_02.xml
		Base\Prefabs\house_new_01.xml = Base\Prefabs\house_new_01.xml
		Base\Prefabs\house_new_02.xml = Base\Prefabs\house_new_02.xml
		Base\Prefabs\house_new_03.xml = Base\Prefabs\house_new_03.xml
		Base\Prefabs\house_new_04.xml = Base\Prefabs\house_new_04.xml
		Base\Prefabs\house_new_05.xml = Base\Prefabs\house_new_05.xml
		Base\Prefabs\house_new_06.xml = Base\Prefabs\house_new_06.xml
		Base\Prefabs\house_new_mansion_01.xml = Base\Prefabs\house_new_mansion_01.xml
		Base\Prefabs\house_new_mansion_02.xml = Base\Prefabs\house_new_mansion_02.xml
		Base\Prefabs\house_new_mansion_03.xml = Base\Prefabs\house_new_mansion_03.xml
		Base\Prefabs\house_trailer_blue_01.xml = Base\Prefabs\house_trailer_blue_01.xml
		Base\Prefabs\house_trailer_burnt_01.xml = Base\Prefabs\house_trailer_burnt_01.xml
		Base\Prefabs\house_trailer_burnt_01_intact.xml = Base\Prefabs\house_trailer_burnt_01_intact.xml
		Base\Prefabs\house_trailer_green_01.xml = Base\Prefabs\house_trailer_green_01.xml
		Base\Prefabs\house_trailer_tan_01.xml = Base\Prefabs\house_trailer_tan_01.xml
		Base\Prefabs\house_trailer_white_01.xml = Base\Prefabs\house_trailer_white_01.xml
		Base\Prefabs\house_trailer_yellow_01.xml = Base\Prefabs\house_trailer_yellow_01.xml
		Base\Prefabs\houseblue1.xml = Base\Prefabs\houseblue1.xml
		Base\Prefabs\housebrick1.xml = Base\Prefabs\housebrick1.xml
		Base\Prefabs\houseburnt1.xml = Base\Prefabs\houseburnt1.xml
		Base\Prefabs\houseburnt2.xml = Base\Prefabs\houseburnt2.xml
		Base\Prefabs\houseburnt2_intact.xml = Base\Prefabs\houseburnt2_intact.xml
		Base\Prefabs\houseburnt3.xml = Base\Prefabs\houseburnt3.xml
		Base\Prefabs\houseburnt3_intact.xml = Base\Prefabs\houseburnt3_intact.xml
		Base\Prefabs\houseburnt3b.xml = Base\Prefabs\houseburnt3b.xml
		Base\Prefabs\houseburnt4.xml = Base\Prefabs\houseburnt4.xml
		Base\Prefabs\houseburnt4_intact.xml = Base\Prefabs\houseburnt4_intact.xml
		Base\Prefabs\houseburnt5.xml = Base\Prefabs\houseburnt5.xml
		Base\Prefabs\housegreen1.xml = Base\Prefabs\housegreen1.xml
		Base\Prefabs\houseranchblue1.xml = Base\Prefabs\houseranchblue1.xml
		Base\Prefabs\houseranchtan1.xml = Base\Prefabs\houseranchtan1.xml
		Base\Prefabs\houseranchtan2.xml = Base\Prefabs\houseranchtan2.xml
		Base\Prefabs\houseranchwhite1.xml = Base\Prefabs\houseranchwhite1.xml
		Base\Prefabs\housestucco1.xml = Base\Prefabs\housestucco1.xml
		Base\Prefabs\housestucco2.xml = Base\Prefabs\housestucco2.xml
		Base\Prefabs\housestucco3.xml = Base\Prefabs\housestucco3.xml
		Base\Prefabs\housetan2.xml = Base\Prefabs\housetan2.xml
		Base\Prefabs\housetanpyramid2.xml = Base\Prefabs\housetanpyramid2.xml
		Base\Prefabs\housewhite1.xml = Base\Prefabs\housewhite1.xml
		Base\Prefabs\housewhite1basement.xml = Base\Prefabs\housewhite1basement.xml
		Base\Prefabs\housewhite2.xml = Base\Prefabs\housewhite2.xml
		Base\Prefabs\housewhitepyramid1.xml = Base\Prefabs\housewhitepyramid1.xml
		Base\Prefabs\housewhitepyramid2.xml = Base\Prefabs\housewhitepyramid2.xml
		Base\Prefabs\housewhitepyramid3.xml = Base\Prefabs\housewhitepyramid3.xml
		Base\Prefabs\houseyellow1.xml = Base\Prefabs\houseyellow1.xml
		Base\Prefabs\houseyellowpyramid3.xml = Base\Prefabs\houseyellowpyramid3.xml
		Base\Prefabs\indian_burial_grounds_01.xml = Base\Prefabs\indian_burial_grounds_01.xml
		Base\Prefabs\installation_red_mesa.xml = Base\Prefabs\installation_red_mesa.xml
		Base\Prefabs\installation_red_mesa_security.xml = Base\Prefabs\installation_red_mesa_security.xml
		Base\Prefabs\junkyard_lg_01.xml = Base\Prefabs\junkyard_lg_01.xml
		Base\Prefabs\junkyard_med_01.xml = Base\Prefabs\junkyard_med_01.xml
		Base\Prefabs\mp_waste_bldg_01_red.xml = Base\Prefabs\mp_waste_bldg_01_red.xml
		Base\Prefabs\mp_waste_bldg_01_tan.xml = Base\Prefabs\mp_waste_bldg_01_tan.xml
		Base\Prefabs\mp_waste_bldg_01_white.xml = Base\Prefabs\mp_waste_bldg_01_white.xml
		Base\Prefabs\mp_waste_bldg_02_red.xml = Base\Prefabs\mp_waste_bldg_02_red.xml
		Base\Prefabs\mp_waste_bldg_02_tan.xml = Base\Prefabs\mp_waste_bldg_02_tan.xml
		Base\Prefabs\mp_waste_bldg_03_intact.xml = Base\Prefabs\mp_waste_bldg_03_intact.xml
		Base\Prefabs\mp_waste_bldg_03_red.xml = Base\Prefabs\mp_waste_bldg_03_red.xml
		Base\Prefabs\mp_waste_bldg_03_tan.xml = Base\Prefabs\mp_waste_bldg_03_tan.xml
		Base\Prefabs\mp_waste_bldg_03_white.xml = Base\Prefabs\mp_waste_bldg_03_white.xml
		Base\Prefabs\mp_waste_bldg_04_grey.xml = Base\Prefabs\mp_waste_bldg_04_grey.xml
		Base\Prefabs\mp_waste_bldg_04_red.xml = Base\Prefabs\mp_waste_bldg_04_red.xml
		Base\Prefabs\mp_waste_bldg_04_tan.xml = Base\Prefabs\mp_waste_bldg_04_tan.xml
		Base\Prefabs\mp_waste_bldg_04_white.xml = Base\Prefabs\mp_waste_bldg_04_white.xml
		Base\Prefabs\mp_waste_bldg_05_grey.xml = Base\Prefabs\mp_waste_bldg_05_grey.xml
		Base\Prefabs\mp_waste_bldg_06_grey.xml = Base\Prefabs\mp_waste_bldg_06_grey.xml
		Base\Prefabs\mp_waste_bldg_06_intact.xml = Base\Prefabs\mp_waste_bldg_06_intact.xml
		Base\Prefabs\mp_waste_bldg_07_intact.xml = Base\Prefabs\mp_waste_bldg_07_intact.xml
		Base\Prefabs\mp_waste_bldg_governer_08.xml = Base\Prefabs\mp_waste_bldg_governer_08.xml
		Base\Prefabs\mp_waste_bldg_ornate_01_intact.xml = Base\Prefabs\mp_waste_bldg_ornate_01_intact.xml
		Base\Prefabs\mp_waste_bldg_ornate_02_intact.xml = Base\Prefabs\mp_waste_bldg_ornate_02_intact.xml
		Base\Prefabs\mp_waste_bldg_ornate_03_intact.xml = Base\Prefabs\mp_waste_bldg_ornate_03_intact.xml
		Base\Prefabs\mp_waste_hole_asphalt_01.xml = Base\Prefabs\mp_waste_hole_asphalt_01.xml
		Base\Prefabs\mp_waste_hole_rock_01.xml = Base\Prefabs\mp_waste_hole_rock_01.xml
		Base\Prefabs\mp_waste_lot1.xml = Base\Prefabs\mp_waste_lot1.xml
		Base\Prefabs\mp_waste_sewer_01.xml = Base\Prefabs\mp_waste_sewer_01.xml
		Base\Prefabs\mp_waste_sewer_hole_1.xml = Base\Prefabs\mp_waste_sewer_hole_1.xml
		Base\Prefabs\mp_waste_sewer_hole_2.xml = Base\Prefabs\mp_waste_sewer_hole_2.xml
		Base\Prefabs\mp_waste_tree_pile_01.xml = Base\Prefabs\mp_waste_tree_pile_01.xml
		Base\Prefabs\mp_waste_tree_pile_02.xml = Base\Prefabs\mp_waste_tree_pile_02.xml
		Base\Prefabs\oldwest_church.xml = Base\Prefabs\oldwest_church.xml
		Base\Prefabs\oldwest_gallows.xml = Base\Prefabs\oldwest_gallows.xml
		Base\Prefabs\oldwest_graveyard.xml = Base\Prefabs\oldwest_graveyard.xml
		Base\Prefabs\oldwest_hotel_01.xml = Base\Prefabs\oldwest_hotel_01.xml
		Base\Prefabs\oldwest_hotel_02.xml = Base\Prefabs\oldwest_hotel_02.xml
		Base\Prefabs\oldwest_jail.xml = Base\Prefabs\oldwest_jail.xml
		Base\Prefabs\oldwest_md_shop_01.xml = Base\Prefabs\oldwest_md_shop_01.xml
		Base\Prefabs\oldwest_md_shop_02.xml = Base\Prefabs\oldwest_md_shop_02.xml
		Base\Prefabs\oldwest_md_shop_03.xml = Base\Prefabs\oldwest_md_shop_03.xml
		Base\Prefabs\oldwest_md_shop_04.xml = Base\Prefabs\oldwest_md_shop_04.xml
		Base\Prefabs\oldwest_sm_shop_01.xml = Base\Prefabs\oldwest_sm_shop_01.xml
		Base\Prefabs\oldwest_sm_shop_02.xml = Base\Prefabs\oldwest_sm_shop_02.xml
		Base\Prefabs\oldwest_sm_shop_03.xml = Base\Prefabs\oldwest_sm_shop_03.xml
		Base\Prefabs\oldwest_stables.xml = Base\Prefabs\oldwest_stables.xml
		Base\Prefabs\oldwest_watertower.xml = Base\Prefabs\oldwest_watertower.xml
		Base\Prefabs\parking_garage_01.xml = Base\Prefabs\parking_garage_01.xml
		Base\Prefabs\parking_lot_01.xml = Base\Prefabs\parking_lot_01.xml
		Base\Prefabs\parking_lot_02.xml = Base\Prefabs\parking_lot_02.xml
		Base\Prefabs\parking_lot_03.xml = Base\Prefabs\parking_lot_03.xml
		Base\Prefabs\police_station1.xml = Base\Prefabs\police_station1.xml
		Base\Prefabs\post_office_med_01.xml = Base\Prefabs\post_office_med_01.xml
		Base\Prefabs\post_office_sm_01.xml = Base\Prefabs\post_office_sm_01.xml
		Base\Prefabs\potatofield_sm.xml = Base\Prefabs\potatofield_sm.xml
		Base\Prefabs\prison_01.xml = Base\Prefabs\prison_01.xml
		Base\Prefabs\ranger_station1.xml = Base\Prefabs\ranger_station1.xml
		Base\Prefabs\rg_waste_hub_blk_full.xml = Base\Prefabs\rg_waste_hub_blk_full.xml
		Base\Prefabs\rg_waste_hub_blk_half.xml = Base\Prefabs\rg_waste_hub_blk_half.xml
		Base\Prefabs\rg_waste_hub_blk_quartered.xml = Base\Prefabs\rg_waste_hub_blk_quartered.xml
		Base\Prefabs\rg_waste_hub_blk_t.xml = Base\Prefabs\rg_waste_hub_blk_t.xml
		Base\Prefabs\sawmill_01_snow.xml = Base\Prefabs\sawmill_01_snow.xml
		Base\Prefabs\school_01.xml = Base\Prefabs\school_01.xml
		Base\Prefabs\school_daycare_01.xml = Base\Prefabs\school_daycare_01.xml
		Base\Prefabs\school_k6_01.xml = Base\Prefabs\school_k6_01.xml
		Base\Prefabs\settlement_01.xml = Base\Prefabs\settlement_01.xml
		Base\Prefabs\settlement_trader_01.xml = Base\Prefabs\settlement_trader_01.xml
		Base\Prefabs\settlement_trader_02.xml = Base\Prefabs\settlement_trader_02.xml
		Base\Prefabs\settlement_trader_03.xml = Base\Prefabs\settlement_trader_03.xml
		Base\Prefabs\settlement_trader_04.xml = Base\Prefabs\settlement_trader_04.xml
		Base\Prefabs\settlement_trader_05.xml = Base\Prefabs\settlement_trader_05.xml
		Base\Prefabs\skate_park_01.xml = Base\Prefabs\skate_park_01.xml
		Base\Prefabs\skyscraper_01.xml = Base\Prefabs\skyscraper_01.xml
		Base\Prefabs\skyscraper_02.xml = Base\Prefabs\skyscraper_02.xml
		Base\Prefabs\skyscraper_03.xml = Base\Prefabs\skyscraper_03.xml
		Base\Prefabs\skyscraper_04.xml = Base\Prefabs\skyscraper_04.xml
		Base\Prefabs\snowy_ski_lodge.xml = Base\Prefabs\snowy_ski_lodge.xml
		Base\Prefabs\store_autoparts_01.xml = Base\Prefabs\store_autoparts_01.xml
		Base\Prefabs\store_bank_lg_01.xml = Base\Prefabs\store_bank_lg_01.xml
		Base\Prefabs\store_book_lg_01.xml = Base\Prefabs\store_book_lg_01.xml
		Base\Prefabs\store_book_sm_01.xml = Base\Prefabs\store_book_sm_01.xml
		Base\Prefabs\store_grocery_lg_01.xml = Base\Prefabs\store_grocery_lg_01.xml
		Base\Prefabs\store_grocery_sm_01.xml = Base\Prefabs\store_grocery_sm_01.xml
		Base\Prefabs\store_gun_lg_01.xml = Base\Prefabs\store_gun_lg_01.xml
		Base\Prefabs\store_gun_sm_01.xml = Base\Prefabs\store_gun_sm_01.xml
		Base\Prefabs\store_hardware_lg_01.xml = Base\Prefabs\store_hardware_lg_01.xml
		Base\Prefabs\store_hardware_sm_01.xml = Base\Prefabs\store_hardware_sm_01.xml
		Base\Prefabs\store_laundry_01.xml = Base\Prefabs\store_laundry_01.xml
		Base\Prefabs\store_pawn_01.xml = Base\Prefabs\store_pawn_01.xml
		Base\Prefabs\store_pharmacy_sm_01.xml = Base\Prefabs\store_pharmacy_sm_01.xml
		Base\Prefabs\store_salon.xml = Base\Prefabs\store_salon.xml
		Base\Prefabs\theater_01.xml = Base\Prefabs\theater_01.xml
		Base\Prefabs\trailer_01.xml = Base\Prefabs\trailer_01.xml
		Base\Prefabs\trailer_02.xml = Base\Prefabs\trailer_02.xml
		Base\Prefabs\trailer_03.xml = Base\Prefabs\trailer_03.xml
		Base\Prefabs\trailer_04.xml = Base\Prefabs\trailer_04.xml
		Base\Prefabs\trailer_park_01.xml = Base\Prefabs\trailer_park_01.xml
		Base\Prefabs\utility_celltower_01.xml = Base\Prefabs\utility_celltower_01.xml
		Base\Prefabs\utility_celltower_02.xml = Base\Prefabs\utility_celltower_02.xml
		Base\Prefabs\utility_electric_co_01.xml = Base\Prefabs\utility_electric_co_01.xml
		Base\Prefabs\utility_refinery_01.xml = Base\Prefabs\utility_refinery_01.xml
		Base\Prefabs\utility_waterworks_01.xml = Base\Prefabs\utility_waterworks_01.xml
		Base\Prefabs\vacant_lot_med_01.xml = Base\Prefabs\vacant_lot_med_01.xml
		Base\Prefabs\vacant_lot_med_02.xml = Base\Prefabs\vacant_lot_med_02.xml
		Base\Prefabs\vacant_lot_sm_01.xml = Base\Prefabs\vacant_lot_sm_01.xml
		Base\Prefabs\vacant_lot_sm_02.xml = Base\Prefabs\vacant_lot_sm_02.xml
		Base\Prefabs\warehouse_01.xml = Base\Prefabs\warehouse_01.xml
		Base\Prefabs\waste_rubble_bldg_01.xml = Base\Prefabs\waste_rubble_bldg_01.xml
		Base\Prefabs\waste_rubble_bldg_02.xml = Base\Prefabs\waste_rubble_bldg_02.xml
		Base\Prefabs\waste_rubble_bldg_03.xml = Base\Prefabs\waste_rubble_bldg_03.xml
		Base\Prefabs\waste_rubble_bldg_04.xml = Base\Prefabs\waste_rubble_bldg_04.xml
		Base\Prefabs\waste_rubble_bldg_05.xml = Base\Prefabs\waste_rubble_bldg_05.xml
		Base\Prefabs\waste_rubble_bldg_06.xml = Base\Prefabs\waste_rubble_bldg_06.xml
		Base\Prefabs\waste_rubble_bldg_07.xml = Base\Prefabs\waste_rubble_bldg_07.xml
		Base\Prefabs\waste_rubble_bldg_08.xml = Base\Prefabs\waste_rubble_bldg_08.xml
		Base\Prefabs\waste_rubble_bldg_09.xml = Base\Prefabs\waste_rubble_bldg_09.xml
		Base\Prefabs\water_tower_01.xml = Base\Prefabs\water_tower_01.xml
		Base\Prefabs\water_tower_02.xml = Base\Prefabs\water_tower_02.xml
		Base\Prefabs\water_tower_03.xml = Base\Prefabs\water_tower_03.xml
	EndProjectSection
EndProject
Project("{2150E333-8FDC-42A3-9474-1A3956D46DE8}") = "ItemIconTest", "ItemIconTest", "{120C6FA5-5127-44EC-9345-BA3467730782}"
	ProjectSection(SolutionItems) = preProject
		Base\Mods\ItemIconTest\ModInfo.xml = Base\Mods\ItemIconTest\ModInfo.xml
	EndProjectSection
EndProject
Project("{2150E333-8FDC-42A3-9474-1A3956D46DE8}") = "ItemIcons", "ItemIcons", "{6436DE8F-DC61-429D-B15B-834E7CA4AEE1}"
	ProjectSection(SolutionItems) = preProject
		Base\Mods\ItemIconTest\ItemIcons\10GAShell.png = Base\Mods\ItemIconTest\ItemIcons\10GAShell.png
		Base\Mods\ItemIconTest\ItemIcons\10GAShellMG.png = Base\Mods\ItemIconTest\ItemIcons\10GAShellMG.png
		Base\Mods\ItemIconTest\ItemIcons\10GAShellNG.png = Base\Mods\ItemIconTest\ItemIcons\10GAShellNG.png
		Base\Mods\ItemIconTest\ItemIcons\10GASlug.png = Base\Mods\ItemIconTest\ItemIcons\10GASlug.png
		Base\Mods\ItemIconTest\ItemIcons\10GASlugMG.png = Base\Mods\ItemIconTest\ItemIcons\10GASlugMG.png
		Base\Mods\ItemIconTest\ItemIcons\10GASlugNG.png = Base\Mods\ItemIconTest\ItemIcons\10GASlugNG.png
		Base\Mods\ItemIconTest\ItemIcons\12GAShell.png = Base\Mods\ItemIconTest\ItemIcons\12GAShell.png
		Base\Mods\ItemIconTest\ItemIcons\12GAShellMG.png = Base\Mods\ItemIconTest\ItemIcons\12GAShellMG.png
		Base\Mods\ItemIconTest\ItemIcons\12GAShellNG.png = Base\Mods\ItemIconTest\ItemIcons\12GAShellNG.png
		Base\Mods\ItemIconTest\ItemIcons\12GASlug.png = Base\Mods\ItemIconTest\ItemIcons\12GASlug.png
		Base\Mods\ItemIconTest\ItemIcons\12GASlugMG.png = Base\Mods\ItemIconTest\ItemIcons\12GASlugMG.png
		Base\Mods\ItemIconTest\ItemIcons\12GASlugNG.png = Base\Mods\ItemIconTest\ItemIcons\12GASlugNG.png
		Base\Mods\ItemIconTest\ItemIcons\20GAShell.png = Base\Mods\ItemIconTest\ItemIcons\20GAShell.png
		Base\Mods\ItemIconTest\ItemIcons\20GAShellMG.png = Base\Mods\ItemIconTest\ItemIcons\20GAShellMG.png
		Base\Mods\ItemIconTest\ItemIcons\20GAShellNG.png = Base\Mods\ItemIconTest\ItemIcons\20GAShellNG.png
		Base\Mods\ItemIconTest\ItemIcons\20GASlug.png = Base\Mods\ItemIconTest\ItemIcons\20GASlug.png
		Base\Mods\ItemIconTest\ItemIcons\20GASlugMG.png = Base\Mods\ItemIconTest\ItemIcons\20GASlugMG.png
		Base\Mods\ItemIconTest\ItemIcons\20GASlugNG.png = Base\Mods\ItemIconTest\ItemIcons\20GASlugNG.png
		Base\Mods\ItemIconTest\ItemIcons\22LRBullet.png = Base\Mods\ItemIconTest\ItemIcons\22LRBullet.png
		Base\Mods\ItemIconTest\ItemIcons\22LRBulletMG.png = Base\Mods\ItemIconTest\ItemIcons\22LRBulletMG.png
		Base\Mods\ItemIconTest\ItemIcons\22LRBulletNG.png = Base\Mods\ItemIconTest\ItemIcons\22LRBulletNG.png
		Base\Mods\ItemIconTest\ItemIcons\357MagBullet.png = Base\Mods\ItemIconTest\ItemIcons\357MagBullet.png
		Base\Mods\ItemIconTest\ItemIcons\357MagBulletMG.png = Base\Mods\ItemIconTest\ItemIcons\357MagBulletMG.png
		Base\Mods\ItemIconTest\ItemIcons\357MagBulletNG.png = Base\Mods\ItemIconTest\ItemIcons\357MagBulletNG.png
		Base\Mods\ItemIconTest\ItemIcons\44MagBullet.png = Base\Mods\ItemIconTest\ItemIcons\44MagBullet.png
		Base\Mods\ItemIconTest\ItemIcons\44MagBulletMG.png = Base\Mods\ItemIconTest\ItemIcons\44MagBulletMG.png
		Base\Mods\ItemIconTest\ItemIcons\44MagBulletNG.png = Base\Mods\ItemIconTest\ItemIcons\44MagBulletNG.png
		Base\Mods\ItemIconTest\ItemIcons\50BMGBullet.png = Base\Mods\ItemIconTest\ItemIcons\50BMGBullet.png
		Base\Mods\ItemIconTest\ItemIcons\50BMGBulletMG.png = Base\Mods\ItemIconTest\ItemIcons\50BMGBulletMG.png
		Base\Mods\ItemIconTest\ItemIcons\50BMGBulletNG.png = Base\Mods\ItemIconTest\ItemIcons\50BMGBulletNG.png
		Base\Mods\ItemIconTest\ItemIcons\556mmBullet.png = Base\Mods\ItemIconTest\ItemIcons\556mmBullet.png
		Base\Mods\ItemIconTest\ItemIcons\556mmBulletMG.png = Base\Mods\ItemIconTest\ItemIcons\556mmBulletMG.png
		Base\Mods\ItemIconTest\ItemIcons\556mmBulletNG.png = Base\Mods\ItemIconTest\ItemIcons\556mmBulletNG.png
		Base\Mods\ItemIconTest\ItemIcons\762mmBullet.png = Base\Mods\ItemIconTest\ItemIcons\762mmBullet.png
		Base\Mods\ItemIconTest\ItemIcons\762mmBulletMG.png = Base\Mods\ItemIconTest\ItemIcons\762mmBulletMG.png
		Base\Mods\ItemIconTest\ItemIcons\762mmBulletNG.png = Base\Mods\ItemIconTest\ItemIcons\762mmBulletNG.png
		Base\Mods\ItemIconTest\ItemIcons\9mmBullet.png = Base\Mods\ItemIconTest\ItemIcons\9mmBullet.png
		Base\Mods\ItemIconTest\ItemIcons\9mmBulletMG.png = Base\Mods\ItemIconTest\ItemIcons\9mmBulletMG.png
		Base\Mods\ItemIconTest\ItemIcons\9mmBulletNG.png = Base\Mods\ItemIconTest\ItemIcons\9mmBulletNG.png
		Base\Mods\ItemIconTest\ItemIcons\buckshot10GA.png = Base\Mods\ItemIconTest\ItemIcons\buckshot10GA.png
		Base\Mods\ItemIconTest\ItemIcons\buckshot12GA.png = Base\Mods\ItemIconTest\ItemIcons\buckshot12GA.png
		Base\Mods\ItemIconTest\ItemIcons\buckshot20GA.png = Base\Mods\ItemIconTest\ItemIcons\buckshot20GA.png
		Base\Mods\ItemIconTest\ItemIcons\bulletTipLarge.png = Base\Mods\ItemIconTest\ItemIcons\bulletTipLarge.png
		Base\Mods\ItemIconTest\ItemIcons\bulletTipNormal.png = Base\Mods\ItemIconTest\ItemIcons\bulletTipNormal.png
		Base\Mods\ItemIconTest\ItemIcons\casingLarge.png = Base\Mods\ItemIconTest\ItemIcons\casingLarge.png
		Base\Mods\ItemIconTest\ItemIcons\casingLargeUsed.png = Base\Mods\ItemIconTest\ItemIcons\casingLargeUsed.png
		Base\Mods\ItemIconTest\ItemIcons\casingNormal.png = Base\Mods\ItemIconTest\ItemIcons\casingNormal.png
		Base\Mods\ItemIconTest\ItemIcons\casingNormalUsed.png = Base\Mods\ItemIconTest\ItemIcons\casingNormalUsed.png
		Base\Mods\ItemIconTest\ItemIcons\casingShotgunPaper.png = Base\Mods\ItemIconTest\ItemIcons\casingShotgunPaper.png
		Base\Mods\ItemIconTest\ItemIcons\casingShotgunPlastic.png = Base\Mods\ItemIconTest\ItemIcons\casingShotgunPlastic.png
		Base\Mods\ItemIconTest\ItemIcons\gun44Magnum.png = Base\Mods\ItemIconTest\ItemIcons\gun44Magnum.png
		Base\Mods\ItemIconTest\ItemIcons\gun44MagnumMG.png = Base\Mods\ItemIconTest\ItemIcons\gun44MagnumMG.png
		Base\Mods\ItemIconTest\ItemIcons\gun44MagnumMOD.png = Base\Mods\ItemIconTest\ItemIcons\gun44MagnumMOD.png
		Base\Mods\ItemIconTest\ItemIcons\gunAK47.png = Base\Mods\ItemIconTest\ItemIcons\gunAK47.png
		Base\Mods\ItemIconTest\ItemIcons\gunAK47MG.png = Base\Mods\ItemIconTest\ItemIcons\gunAK47MG.png
		Base\Mods\ItemIconTest\ItemIcons\gunAK47MOD.png = Base\Mods\ItemIconTest\ItemIcons\gunAK47MOD.png
		Base\Mods\ItemIconTest\ItemIcons\gunDeagle.png = Base\Mods\ItemIconTest\ItemIcons\gunDeagle.png
		Base\Mods\ItemIconTest\ItemIcons\gunDeagleMG.png = Base\Mods\ItemIconTest\ItemIcons\gunDeagleMG.png
		Base\Mods\ItemIconTest\ItemIcons\gunDeagleMOD.png = Base\Mods\ItemIconTest\ItemIcons\gunDeagleMOD.png
		Base\Mods\ItemIconTest\ItemIcons\gunDoubleBarrelShotgun.png = Base\Mods\ItemIconTest\ItemIcons\gunDoubleBarrelShotgun.png
		Base\Mods\ItemIconTest\ItemIcons\gunDoubleBarrelShotgunMG.png = Base\Mods\ItemIconTest\ItemIcons\gunDoubleBarrelShotgunMG.png
		Base\Mods\ItemIconTest\ItemIcons\gunDoubleBarrelShotgunMOD.png = Base\Mods\ItemIconTest\ItemIcons\gunDoubleBarrelShotgunMOD.png
		Base\Mods\ItemIconTest\ItemIcons\gunHuntingRifle.png = Base\Mods\ItemIconTest\ItemIcons\gunHuntingRifle.png
		Base\Mods\ItemIconTest\ItemIcons\gunHuntingRifleMG.png = Base\Mods\ItemIconTest\ItemIcons\gunHuntingRifleMG.png
		Base\Mods\ItemIconTest\ItemIcons\gunHuntingRifleMOD.png = Base\Mods\ItemIconTest\ItemIcons\gunHuntingRifleMOD.png
		Base\Mods\ItemIconTest\ItemIcons\gunLongPumpShotgun.png = Base\Mods\ItemIconTest\ItemIcons\gunLongPumpShotgun.png
		Base\Mods\ItemIconTest\ItemIcons\gunLongPumpShotgunMG.png = Base\Mods\ItemIconTest\ItemIcons\gunLongPumpShotgunMG.png
		Base\Mods\ItemIconTest\ItemIcons\gunLongPumpShotgunMOD.png = Base\Mods\ItemIconTest\ItemIcons\gunLongPumpShotgunMOD.png
		Base\Mods\ItemIconTest\ItemIcons\gunMP5.png = Base\Mods\ItemIconTest\ItemIcons\gunMP5.png
		Base\Mods\ItemIconTest\ItemIcons\gunMP5MG.png = Base\Mods\ItemIconTest\ItemIcons\gunMP5MG.png
		Base\Mods\ItemIconTest\ItemIcons\gunMP5MOD.png = Base\Mods\ItemIconTest\ItemIcons\gunMP5MOD.png
		Base\Mods\ItemIconTest\ItemIcons\gunPistol.png = Base\Mods\ItemIconTest\ItemIcons\gunPistol.png
		Base\Mods\ItemIconTest\ItemIcons\gunPistolMG.png = Base\Mods\ItemIconTest\ItemIcons\gunPistolMG.png
		Base\Mods\ItemIconTest\ItemIcons\gunPistolMOD.png = Base\Mods\ItemIconTest\ItemIcons\gunPistolMOD.png
		Base\Mods\ItemIconTest\ItemIcons\gunPowder.png = Base\Mods\ItemIconTest\ItemIcons\gunPowder.png
		Base\Mods\ItemIconTest\ItemIcons\gunPowderNG.png = Base\Mods\ItemIconTest\ItemIcons\gunPowderNG.png
		Base\Mods\ItemIconTest\ItemIcons\gunRocketLauncher.png = Base\Mods\ItemIconTest\ItemIcons\gunRocketLauncher.png
		Base\Mods\ItemIconTest\ItemIcons\gunRocketLauncherMG.png = Base\Mods\ItemIconTest\ItemIcons\gunRocketLauncherMG.png
		Base\Mods\ItemIconTest\ItemIcons\gunRocketLauncherMOD.png = Base\Mods\ItemIconTest\ItemIcons\gunRocketLauncherMOD.png
		Base\Mods\ItemIconTest\ItemIcons\gunShortPumpShotgun.png = Base\Mods\ItemIconTest\ItemIcons\gunShortPumpShotgun.png
		Base\Mods\ItemIconTest\ItemIcons\gunShortPumpShotgunMG.png = Base\Mods\ItemIconTest\ItemIcons\gunShortPumpShotgunMG.png
		Base\Mods\ItemIconTest\ItemIcons\gunShortPumpShotgunMOD.png = Base\Mods\ItemIconTest\ItemIcons\gunShortPumpShotgunMOD.png
		Base\Mods\ItemIconTest\ItemIcons\gunSniperRifle.png = Base\Mods\ItemIconTest\ItemIcons\gunSniperRifle.png
		Base\Mods\ItemIconTest\ItemIcons\gunSniperRifleMG.png = Base\Mods\ItemIconTest\ItemIcons\gunSniperRifleMG.png
		Base\Mods\ItemIconTest\ItemIcons\gunSniperRifleMOD.png = Base\Mods\ItemIconTest\ItemIcons\gunSniperRifleMOD.png
		Base\Mods\ItemIconTest\ItemIcons\musketball.png = Base\Mods\ItemIconTest\ItemIcons\musketball.png
		Base\Mods\ItemIconTest\ItemIcons\Musketshot.png = Base\Mods\ItemIconTest\ItemIcons\Musketshot.png
		Base\Mods\ItemIconTest\ItemIcons\No Ammo.png = Base\Mods\ItemIconTest\ItemIcons\No Ammo.png
		Base\Mods\ItemIconTest\ItemIcons\parts44Magnum_cylinder.png = Base\Mods\ItemIconTest\ItemIcons\parts44Magnum_cylinder.png
		Base\Mods\ItemIconTest\ItemIcons\parts44Magnum_cylinderMG.png = Base\Mods\ItemIconTest\ItemIcons\parts44Magnum_cylinderMG.png
		Base\Mods\ItemIconTest\ItemIcons\parts44Magnum_frame.png = Base\Mods\ItemIconTest\ItemIcons\parts44Magnum_frame.png
		Base\Mods\ItemIconTest\ItemIcons\parts44Magnum_frameMG.png = Base\Mods\ItemIconTest\ItemIcons\parts44Magnum_frameMG.png
		Base\Mods\ItemIconTest\ItemIcons\parts44Magnum_grip.png = Base\Mods\ItemIconTest\ItemIcons\parts44Magnum_grip.png
		Base\Mods\ItemIconTest\ItemIcons\parts44Magnum_gripMG.png = Base\Mods\ItemIconTest\ItemIcons\parts44Magnum_gripMG.png
		Base\Mods\ItemIconTest\ItemIcons\parts44Magnum_parts.png = Base\Mods\ItemIconTest\ItemIcons\parts44Magnum_parts.png
		Base\Mods\ItemIconTest\ItemIcons\parts44Magnum_partsMG.png = Base\Mods\ItemIconTest\ItemIcons\parts44Magnum_partsMG.png
		Base\Mods\ItemIconTest\ItemIcons\partsAK47_barrel.png = Base\Mods\ItemIconTest\ItemIcons\partsAK47_barrel.png
		Base\Mods\ItemIconTest\ItemIcons\partsAK47_barrelMG.png = Base\Mods\ItemIconTest\ItemIcons\partsAK47_barrelMG.png
		Base\Mods\ItemIconTest\ItemIcons\partsAK47_parts.png = Base\Mods\ItemIconTest\ItemIcons\partsAK47_parts.png
		Base\Mods\ItemIconTest\ItemIcons\partsAK47_partsMG.png = Base\Mods\ItemIconTest\ItemIcons\partsAK47_partsMG.png
		Base\Mods\ItemIconTest\ItemIcons\partsAK47_receiver.png = Base\Mods\ItemIconTest\ItemIcons\partsAK47_receiver.png
		Base\Mods\ItemIconTest\ItemIcons\partsAK47_receiverMG.png = Base\Mods\ItemIconTest\ItemIcons\partsAK47_receiverMG.png
		Base\Mods\ItemIconTest\ItemIcons\partsAK47_stock.png = Base\Mods\ItemIconTest\ItemIcons\partsAK47_stock.png
		Base\Mods\ItemIconTest\ItemIcons\partsAK47_stockMG.png = Base\Mods\ItemIconTest\ItemIcons\partsAK47_stockMG.png
		Base\Mods\ItemIconTest\ItemIcons\partsDeagle_barrel.png = Base\Mods\ItemIconTest\ItemIcons\partsDeagle_barrel.png
		Base\Mods\ItemIconTest\ItemIcons\partsDeagle_barrelMG.png = Base\Mods\ItemIconTest\ItemIcons\partsDeagle_barrelMG.png
		Base\Mods\ItemIconTest\ItemIcons\partsDeagle_frame.png = Base\Mods\ItemIconTest\ItemIcons\partsDeagle_frame.png
		Base\Mods\ItemIconTest\ItemIcons\partsDeagle_frameMG.png = Base\Mods\ItemIconTest\ItemIcons\partsDeagle_frameMG.png
		Base\Mods\ItemIconTest\ItemIcons\partsDeagle_mag.png = Base\Mods\ItemIconTest\ItemIcons\partsDeagle_mag.png
		Base\Mods\ItemIconTest\ItemIcons\partsDeagle_magMG.png = Base\Mods\ItemIconTest\ItemIcons\partsDeagle_magMG.png
		Base\Mods\ItemIconTest\ItemIcons\partsDeagle_parts.png = Base\Mods\ItemIconTest\ItemIcons\partsDeagle_parts.png
		Base\Mods\ItemIconTest\ItemIcons\partsDeagle_parts1.png = Base\Mods\ItemIconTest\ItemIcons\partsDeagle_parts1.png
		Base\Mods\ItemIconTest\ItemIcons\partsDeagle_partsMG.png = Base\Mods\ItemIconTest\ItemIcons\partsDeagle_partsMG.png
		Base\Mods\ItemIconTest\ItemIcons\partsDoubleBarrel_barrel.png = Base\Mods\ItemIconTest\ItemIcons\partsDoubleBarrel_barrel.png
		Base\Mods\ItemIconTest\ItemIcons\partsDoubleBarrel_barrelMG.png = Base\Mods\ItemIconTest\ItemIcons\partsDoubleBarrel_barrelMG.png
		Base\Mods\ItemIconTest\ItemIcons\partsDoubleBarrel_grip.png = Base\Mods\ItemIconTest\ItemIcons\partsDoubleBarrel_grip.png
		Base\Mods\ItemIconTest\ItemIcons\partsDoubleBarrel_gripMG.png = Base\Mods\ItemIconTest\ItemIcons\partsDoubleBarrel_gripMG.png
		Base\Mods\ItemIconTest\ItemIcons\partsDoubleBarrel_receiver.png = Base\Mods\ItemIconTest\ItemIcons\partsDoubleBarrel_receiver.png
		Base\Mods\ItemIconTest\ItemIcons\partsDoubleBarrel_receiverMG.png = Base\Mods\ItemIconTest\ItemIcons\partsDoubleBarrel_receiverMG.png
		Base\Mods\ItemIconTest\ItemIcons\partsDoubleBarrel_stock.png = Base\Mods\ItemIconTest\ItemIcons\partsDoubleBarrel_stock.png
		Base\Mods\ItemIconTest\ItemIcons\partsDoubleBarrel_stockMG.png = Base\Mods\ItemIconTest\ItemIcons\partsDoubleBarrel_stockMG.png
		Base\Mods\ItemIconTest\ItemIcons\partsHuntingRifle_barrel.png = Base\Mods\ItemIconTest\ItemIcons\partsHuntingRifle_barrel.png
		Base\Mods\ItemIconTest\ItemIcons\partsHuntingRifle_barrelMG.png = Base\Mods\ItemIconTest\ItemIcons\partsHuntingRifle_barrelMG.png
		Base\Mods\ItemIconTest\ItemIcons\partsHuntingRifle_parts.png = Base\Mods\ItemIconTest\ItemIcons\partsHuntingRifle_parts.png
		Base\Mods\ItemIconTest\ItemIcons\partsHuntingRifle_partsMG.png = Base\Mods\ItemIconTest\ItemIcons\partsHuntingRifle_partsMG.png
		Base\Mods\ItemIconTest\ItemIcons\partsHuntingRifle_receiver.png = Base\Mods\ItemIconTest\ItemIcons\partsHuntingRifle_receiver.png
		Base\Mods\ItemIconTest\ItemIcons\partsHuntingRifle_receiverMG.png = Base\Mods\ItemIconTest\ItemIcons\partsHuntingRifle_receiverMG.png
		Base\Mods\ItemIconTest\ItemIcons\partsHuntingRifle_stock.png = Base\Mods\ItemIconTest\ItemIcons\partsHuntingRifle_stock.png
		Base\Mods\ItemIconTest\ItemIcons\partsHuntingRifle_stockMG.png = Base\Mods\ItemIconTest\ItemIcons\partsHuntingRifle_stockMG.png
		Base\Mods\ItemIconTest\ItemIcons\partsMP5_barrel.png = Base\Mods\ItemIconTest\ItemIcons\partsMP5_barrel.png
		Base\Mods\ItemIconTest\ItemIcons\partsMP5_barrelMG.png = Base\Mods\ItemIconTest\ItemIcons\partsMP5_barrelMG.png
		Base\Mods\ItemIconTest\ItemIcons\partsMP5_parts.png = Base\Mods\ItemIconTest\ItemIcons\partsMP5_parts.png
		Base\Mods\ItemIconTest\ItemIcons\partsMP5_partsMG.png = Base\Mods\ItemIconTest\ItemIcons\partsMP5_partsMG.png
		Base\Mods\ItemIconTest\ItemIcons\partsMP5_receiver.png = Base\Mods\ItemIconTest\ItemIcons\partsMP5_receiver.png
		Base\Mods\ItemIconTest\ItemIcons\partsMP5_receiverMG.png = Base\Mods\ItemIconTest\ItemIcons\partsMP5_receiverMG.png
		Base\Mods\ItemIconTest\ItemIcons\partsMP5_stock.png = Base\Mods\ItemIconTest\ItemIcons\partsMP5_stock.png
		Base\Mods\ItemIconTest\ItemIcons\partsMP5_stockMG.png = Base\Mods\ItemIconTest\ItemIcons\partsMP5_stockMG.png
		Base\Mods\ItemIconTest\ItemIcons\partsPistol_barrel.png = Base\Mods\ItemIconTest\ItemIcons\partsPistol_barrel.png
		Base\Mods\ItemIconTest\ItemIcons\partsPistol_barrelMG.png = Base\Mods\ItemIconTest\ItemIcons\partsPistol_barrelMG.png
		Base\Mods\ItemIconTest\ItemIcons\partsPistol_grip.png = Base\Mods\ItemIconTest\ItemIcons\partsPistol_grip.png
		Base\Mods\ItemIconTest\ItemIcons\partsPistol_gripMG.png = Base\Mods\ItemIconTest\ItemIcons\partsPistol_gripMG.png
		Base\Mods\ItemIconTest\ItemIcons\partsPistol_parts.png = Base\Mods\ItemIconTest\ItemIcons\partsPistol_parts.png
		Base\Mods\ItemIconTest\ItemIcons\partsPistol_partsMG.png = Base\Mods\ItemIconTest\ItemIcons\partsPistol_partsMG.png
		Base\Mods\ItemIconTest\ItemIcons\partsPistol_receiver.png = Base\Mods\ItemIconTest\ItemIcons\partsPistol_receiver.png
		Base\Mods\ItemIconTest\ItemIcons\partsPistol_receiverMG.png = Base\Mods\ItemIconTest\ItemIcons\partsPistol_receiverMG.png
		Base\Mods\ItemIconTest\ItemIcons\partsPumpShotgun_barrelLong.png = Base\Mods\ItemIconTest\ItemIcons\partsPumpShotgun_barrelLong.png
		Base\Mods\ItemIconTest\ItemIcons\partsPumpShotgun_barrelLongMG.png = Base\Mods\ItemIconTest\ItemIcons\partsPumpShotgun_barrelLongMG.png
		Base\Mods\ItemIconTest\ItemIcons\partsPumpShotgun_barrelShort.png = Base\Mods\ItemIconTest\ItemIcons\partsPumpShotgun_barrelShort.png
		Base\Mods\ItemIconTest\ItemIcons\partsPumpShotgun_barrelShortMG.png = Base\Mods\ItemIconTest\ItemIcons\partsPumpShotgun_barrelShortMG.png
		Base\Mods\ItemIconTest\ItemIcons\partsPumpShotgun_parts.png = Base\Mods\ItemIconTest\ItemIcons\partsPumpShotgun_parts.png
		Base\Mods\ItemIconTest\ItemIcons\partsPumpShotgun_partsMG.png = Base\Mods\ItemIconTest\ItemIcons\partsPumpShotgun_partsMG.png
		Base\Mods\ItemIconTest\ItemIcons\partsPumpShotgun_receiver.png = Base\Mods\ItemIconTest\ItemIcons\partsPumpShotgun_receiver.png
		Base\Mods\ItemIconTest\ItemIcons\partsPumpShotgun_receiverMG.png = Base\Mods\ItemIconTest\ItemIcons\partsPumpShotgun_receiverMG.png
		Base\Mods\ItemIconTest\ItemIcons\partsPumpShotgun_stockLong.png = Base\Mods\ItemIconTest\ItemIcons\partsPumpShotgun_stockLong.png
		Base\Mods\ItemIconTest\ItemIcons\partsPumpShotgun_stockLongMG.png = Base\Mods\ItemIconTest\ItemIcons\partsPumpShotgun_stockLongMG.png
		Base\Mods\ItemIconTest\ItemIcons\partsPumpShotgun_stockShort.png = Base\Mods\ItemIconTest\ItemIcons\partsPumpShotgun_stockShort.png
		Base\Mods\ItemIconTest\ItemIcons\partsPumpShotgun_stockShortMG.png = Base\Mods\ItemIconTest\ItemIcons\partsPumpShotgun_stockShortMG.png
		Base\Mods\ItemIconTest\ItemIcons\partsRocketLauncher_barrel.png = Base\Mods\ItemIconTest\ItemIcons\partsRocketLauncher_barrel.png
		Base\Mods\ItemIconTest\ItemIcons\partsRocketLauncher_barrelMG.png = Base\Mods\ItemIconTest\ItemIcons\partsRocketLauncher_barrelMG.png
		Base\Mods\ItemIconTest\ItemIcons\partsRocketLauncher_parts.png = Base\Mods\ItemIconTest\ItemIcons\partsRocketLauncher_parts.png
		Base\Mods\ItemIconTest\ItemIcons\partsRocketLauncher_partsMG.png = Base\Mods\ItemIconTest\ItemIcons\partsRocketLauncher_partsMG.png
		Base\Mods\ItemIconTest\ItemIcons\partsRocketLauncher_receiver.png = Base\Mods\ItemIconTest\ItemIcons\partsRocketLauncher_receiver.png
		Base\Mods\ItemIconTest\ItemIcons\partsRocketLauncher_receiverMG.png = Base\Mods\ItemIconTest\ItemIcons\partsRocketLauncher_receiverMG.png
		Base\Mods\ItemIconTest\ItemIcons\partsRocketLauncher_stock.png = Base\Mods\ItemIconTest\ItemIcons\partsRocketLauncher_stock.png
		Base\Mods\ItemIconTest\ItemIcons\partsRocketLauncher_stockMG.png = Base\Mods\ItemIconTest\ItemIcons\partsRocketLauncher_stockMG.png
		Base\Mods\ItemIconTest\ItemIcons\partsSniperRifle_barrel.png = Base\Mods\ItemIconTest\ItemIcons\partsSniperRifle_barrel.png
		Base\Mods\ItemIconTest\ItemIcons\partsSniperRifle_barrelMG.png = Base\Mods\ItemIconTest\ItemIcons\partsSniperRifle_barrelMG.png
		Base\Mods\ItemIconTest\ItemIcons\partsSniperRifle_parts.png = Base\Mods\ItemIconTest\ItemIcons\partsSniperRifle_parts.png
		Base\Mods\ItemIconTest\ItemIcons\partsSniperRifle_partsMG.png = Base\Mods\ItemIconTest\ItemIcons\partsSniperRifle_partsMG.png
		Base\Mods\ItemIconTest\ItemIcons\partsSniperRifle_receiver.png = Base\Mods\ItemIconTest\ItemIcons\partsSniperRifle_receiver.png
		Base\Mods\ItemIconTest\ItemIcons\partsSniperRifle_receiverMG.png = Base\Mods\ItemIconTest\ItemIcons\partsSniperRifle_receiverMG.png
		Base\Mods\ItemIconTest\ItemIcons\partsSniperRifle_stock.png = Base\Mods\ItemIconTest\ItemIcons\partsSniperRifle_stock.png
		Base\Mods\ItemIconTest\ItemIcons\partsSniperRifle_stockMG.png = Base\Mods\ItemIconTest\ItemIcons\partsSniperRifle_stockMG.png
		Base\Mods\ItemIconTest\ItemIcons\Scattershot.png = Base\Mods\ItemIconTest\ItemIcons\Scattershot.png
	EndProjectSection
EndProject
Project("{2150E333-8FDC-42A3-9474-1A3956D46DE8}") = "Horde", "Horde", "{5F5EFDC1-AB6B-465C-BC7B-4389EF409357}"
EndProject
Project("{2150E333-8FDC-42A3-9474-1A3956D46DE8}") = "Config", "Config", "{BF9F0C4B-BBA7-4A23-ADA5-EDFC2CC3BDBA}"
	ProjectSection(SolutionItems) = preProject
		Horde\Config\biomes.xml = Horde\Config\biomes.xml
		Horde\Config\blocks.xml = Horde\Config\blocks.xml
		Horde\Config\buffs.xml = Horde\Config\buffs.xml
		Horde\Config\entityclasses.xml = Horde\Config\entityclasses.xml
		Horde\Config\entitygroups.xml = Horde\Config\entitygroups.xml
		Horde\Config\gamestages.xml = Horde\Config\gamestages.xml
		Horde\Config\items.xml = Horde\Config\items.xml
		Horde\Config\Localization - Quest.txt = Horde\Config\Localization - Quest.txt
		Horde\Config\Localization.txt = Horde\Config\Localization.txt
		Horde\Config\loot.xml = Horde\Config\loot.xml
		Horde\Config\materials.xml = Horde\Config\materials.xml
		Horde\Config\progression.xml = Horde\Config\progression.xml
		Horde\Config\quests.xml = Horde\Config\quests.xml
		Horde\Config\recipes.xml = Horde\Config\recipes.xml
		Horde\Config\rwgmixer.xml = Horde\Config\rwgmixer.xml
		Horde\Config\sounds.xml = Horde\Config\sounds.xml
		Horde\Config\spawning.xml = Horde\Config\spawning.xml
		Horde\Config\traders.xml = Horde\Config\traders.xml
		Horde\Config\utilityai.xml = Horde\Config\utilityai.xml
	EndProjectSection
EndProject
Project("{2150E333-8FDC-42A3-9474-1A3956D46DE8}") = "Prefabs", "Prefabs", "{1238621D-DEA3-4DA4-8A3B-6D4F123ECD10}"
EndProject
Project("{2150E333-8FDC-42A3-9474-1A3956D46DE8}") = "Necropolis", "Necropolis", "{35D28F5F-2029-4843-8ACC-2BF1CC78ED01}"
EndProject
Project("{2150E333-8FDC-42A3-9474-1A3956D46DE8}") = "Config", "Config", "{E36B4BBD-998F-418C-B36C-E58F510EE373}"
	ProjectSection(SolutionItems) = preProject
		Necropolis\Config\biomes.xml = Necropolis\Config\biomes.xml
		Necropolis\Config\quests.xml = Necropolis\Config\quests.xml
		Necropolis\Config\rwgmixer.xml = Necropolis\Config\rwgmixer.xml
	EndProjectSection
EndProject
Project("{2150E333-8FDC-42A3-9474-1A3956D46DE8}") = "Prefabs", "Prefabs", "{80510D80-A78A-4F32-A0FF-4BB4445D306C}"
EndProject
Project("{2150E333-8FDC-42A3-9474-1A3956D46DE8}") = "Nomad", "Nomad", "{161525C4-417F-4C3C-B0E3-202B6343FE26}"
EndProject
Project("{2150E333-8FDC-42A3-9474-1A3956D46DE8}") = "Config", "Config", "{CD36D664-F427-4C5D-ADEE-51E921F852E0}"
	ProjectSection(SolutionItems) = preProject
		Nomad\Config\biomes.xml = Nomad\Config\biomes.xml
		Nomad\Config\quests.xml = Nomad\Config\quests.xml
		Nomad\Config\recipes.xml = Nomad\Config\recipes.xml
		Nomad\Config\rwgmixer.xml = Nomad\Config\rwgmixer.xml
	EndProjectSection
EndProject
Project("{2150E333-8FDC-42A3-9474-1A3956D46DE8}") = "Prefabs", "Prefabs", "{107867A1-2869-4062-BB6F-6CF0C75167DD}"
EndProject
Project("{2150E333-8FDC-42A3-9474-1A3956D46DE8}") = "Alpha16.4", "Alpha16.4", "{7B1FEDC0-3C1E-4942-BD97-BA5CA087F70B}"
EndProject
Project("{2150E333-8FDC-42A3-9474-1A3956D46DE8}") = "Config", "Config", "{92341991-822F-40AB-A8D8-5F6A3882FF3C}"
	ProjectSection(SolutionItems) = preProject
		Alpha16.4\Config\archetypes.xml = Alpha16.4\Config\archetypes.xml
		Alpha16.4\Config\biomes.xml = Alpha16.4\Config\biomes.xml
		Alpha16.4\Config\blocks.xml = Alpha16.4\Config\blocks.xml
		Alpha16.4\Config\buffs.xml = Alpha16.4\Config\buffs.xml
		Alpha16.4\Config\entityclasses.xml = Alpha16.4\Config\entityclasses.xml
		Alpha16.4\Config\entitygroups.xml = Alpha16.4\Config\entitygroups.xml
		Alpha16.4\Config\gamestages.xml = Alpha16.4\Config\gamestages.xml
		Alpha16.4\Config\items.xml = Alpha16.4\Config\items.xml
		Alpha16.4\Config\Localization - Quest.txt = Alpha16.4\Config\Localization - Quest.txt
		Alpha16.4\Config\Localization.txt = Alpha16.4\Config\Localization.txt
		Alpha16.4\Config\loot.xml = Alpha16.4\Config\loot.xml
		Alpha16.4\Config\materials.xml = Alpha16.4\Config\materials.xml
		Alpha16.4\Config\misc.xml = Alpha16.4\Config\misc.xml
		Alpha16.4\Config\npc.xml = Alpha16.4\Config\npc.xml
		Alpha16.4\Config\painting.xml = Alpha16.4\Config\painting.xml
		Alpha16.4\Config\physicsbodies.xml = Alpha16.4\Config\physicsbodies.xml
		Alpha16.4\Config\progression.xml = Alpha16.4\Config\progression.xml
		Alpha16.4\Config\qualityinfo.xml = Alpha16.4\Config\qualityinfo.xml
		Alpha16.4\Config\quests.xml = Alpha16.4\Config\quests.xml
		Alpha16.4\Config\recipes.xml = Alpha16.4\Config\recipes.xml
		Alpha16.4\Config\rwgmixer.xml = Alpha16.4\Config\rwgmixer.xml
		Alpha16.4\Config\sounds.xml = Alpha16.4\Config\sounds.xml
		Alpha16.4\Config\spawning.xml = Alpha16.4\Config\spawning.xml
		Alpha16.4\Config\Stealth.txt = Alpha16.4\Config\Stealth.txt
		Alpha16.4\Config\traders.xml = Alpha16.4\Config\traders.xml
		Alpha16.4\Config\utilityai.xml = Alpha16.4\Config\utilityai.xml
		Alpha16.4\Config\vehicles.xml = Alpha16.4\Config\vehicles.xml
		Alpha16.4\Config\weathersurvival.xml = Alpha16.4\Config\weathersurvival.xml
		Alpha16.4\Config\XML.txt = Alpha16.4\Config\XML.txt
		Alpha16.4\Config\xui.xml = Alpha16.4\Config\xui.xml
	EndProjectSection
EndProject
Project("{2150E333-8FDC-42A3-9474-1A3956D46DE8}") = "BaseBeta", "BaseBeta", "{4712A53F-68B4-43A1-98B0-1205E153F131}"
EndProject
Project("{2150E333-8FDC-42A3-9474-1A3956D46DE8}") = "Config", "Config", "{0E14D80E-6B6C-4221-A739-2071E2F7E4EE}"
	ProjectSection(SolutionItems) = preProject
		BaseBeta\Config\biomes.xml = BaseBeta\Config\biomes.xml
		BaseBeta\Config\blocks.xml = BaseBeta\Config\blocks.xml
		BaseBeta\Config\buffs.xml = BaseBeta\Config\buffs.xml
		BaseBeta\Config\entityclasses.xml = BaseBeta\Config\entityclasses.xml
		BaseBeta\Config\entitygroups.xml = BaseBeta\Config\entitygroups.xml
		BaseBeta\Config\gamestages.xml = BaseBeta\Config\gamestages.xml
		BaseBeta\Config\items.xml = BaseBeta\Config\items.xml
		BaseBeta\Config\Localization - Quest.txt = BaseBeta\Config\Localization - Quest.txt
		BaseBeta\Config\Localization.txt = BaseBeta\Config\Localization.txt
		BaseBeta\Config\loot.xml = BaseBeta\Config\loot.xml
		BaseBeta\Config\materials.xml = BaseBeta\Config\materials.xml
		BaseBeta\Config\progression.xml = BaseBeta\Config\progression.xml
		BaseBeta\Config\quests.xml = BaseBeta\Config\quests.xml
		BaseBeta\Config\recipes.xml = BaseBeta\Config\recipes.xml
		BaseBeta\Config\rwgmixer.xml = BaseBeta\Config\rwgmixer.xml
		BaseBeta\Config\sounds.xml = BaseBeta\Config\sounds.xml
		BaseBeta\Config\spawning.xml = BaseBeta\Config\spawning.xml
		BaseBeta\Config\traders.xml = BaseBeta\Config\traders.xml
		BaseBeta\Config\utilityai.xml = BaseBeta\Config\utilityai.xml
	EndProjectSection
EndProject
Project("{2150E333-8FDC-42A3-9474-1A3956D46DE8}") = "HordeBeta", "HordeBeta", "{6EB10018-C505-432B-95DD-7DB9F09AAB1F}"
EndProject
Project("{2150E333-8FDC-42A3-9474-1A3956D46DE8}") = "Config", "Config", "{ECD50E6E-8342-4C19-B695-4F5037BB7804}"
	ProjectSection(SolutionItems) = preProject
		HordeBeta\Config\biomes.xml = HordeBeta\Config\biomes.xml
		HordeBeta\Config\blocks.xml = HordeBeta\Config\blocks.xml
		HordeBeta\Config\entityclasses.xml = HordeBeta\Config\entityclasses.xml
		HordeBeta\Config\gamestages.xml = HordeBeta\Config\gamestages.xml
		HordeBeta\Config\quests.xml = HordeBeta\Config\quests.xml
		HordeBeta\Config\rwgmixer.xml = HordeBeta\Config\rwgmixer.xml
		HordeBeta\Config\spawning.xml = HordeBeta\Config\spawning.xml
	EndProjectSection
EndProject
Global
	GlobalSection(SolutionConfigurationPlatforms) = preSolution
		Debug|Any CPU = Debug|Any CPU
		Debug|ARM = Debug|ARM
		Debug|x64 = Debug|x64
		Debug|x86 = Debug|x86
		Release|Any CPU = Release|Any CPU
		Release|ARM = Release|ARM
		Release|x64 = Release|x64
		Release|x86 = Release|x86
	EndGlobalSection
	GlobalSection(SolutionProperties) = preSolution
		HideSolutionNode = FALSE
	EndGlobalSection
	GlobalSection(NestedProjects) = preSolution
		{C0044570-BB65-42A9-A6B6-5BEA377DBD96} = {82276EC6-8FB5-4B45-8C32-F66676468619}
		{FCEDA37B-1092-4355-AB74-CBFCFB5FD166} = {82276EC6-8FB5-4B45-8C32-F66676468619}
		{00F7B8F0-3D34-4149-AFE2-72FC7331ED27} = {82276EC6-8FB5-4B45-8C32-F66676468619}
		{120C6FA5-5127-44EC-9345-BA3467730782} = {FCEDA37B-1092-4355-AB74-CBFCFB5FD166}
		{6436DE8F-DC61-429D-B15B-834E7CA4AEE1} = {120C6FA5-5127-44EC-9345-BA3467730782}
		{BF9F0C4B-BBA7-4A23-ADA5-EDFC2CC3BDBA} = {5F5EFDC1-AB6B-465C-BC7B-4389EF409357}
		{1238621D-DEA3-4DA4-8A3B-6D4F123ECD10} = {5F5EFDC1-AB6B-465C-BC7B-4389EF409357}
		{E36B4BBD-998F-418C-B36C-E58F510EE373} = {35D28F5F-2029-4843-8ACC-2BF1CC78ED01}
		{80510D80-A78A-4F32-A0FF-4BB4445D306C} = {35D28F5F-2029-4843-8ACC-2BF1CC78ED01}
		{CD36D664-F427-4C5D-ADEE-51E921F852E0} = {161525C4-417F-4C3C-B0E3-202B6343FE26}
		{107867A1-2869-4062-BB6F-6CF0C75167DD} = {161525C4-417F-4C3C-B0E3-202B6343FE26}
		{92341991-822F-40AB-A8D8-5F6A3882FF3C} = {7B1FEDC0-3C1E-4942-BD97-BA5CA087F70B}
		{0E14D80E-6B6C-4221-A739-2071E2F7E4EE} = {4712A53F-68B4-43A1-98B0-1205E153F131}
		{ECD50E6E-8342-4C19-B695-4F5037BB7804} = {6EB10018-C505-432B-95DD-7DB9F09AAB1F}
	EndGlobalSection
	GlobalSection(ExtensibilityGlobals) = postSolution
		SolutionGuid = {16EFF306-1B45-4D72-9C41-97F84205D2EB}
	EndGlobalSection
EndGlobal
