
Microsoft Visual Studio Solution File, Format Version 12.00
# Visual Studio 15
VisualStudioVersion = 15.0.26730.3
MinimumVisualStudioVersion = 10.0.40219.1
Project("{2150E333-8FDC-42A3-9474-1A3956D46DE8}") = "Gnamod Base A16", "Gnamod Base A16", "{368D8A8A-D2DD-4C28-8673-70E712DDEE7F}"
EndProject
Project("{2150E333-8FDC-42A3-9474-1A3956D46DE8}") = "Config", "Config", "{F4973C1A-7B64-451D-A042-3E31A095FDE7}"
	ProjectSection(SolutionItems) = preProject
		Gnamod Base\Config\biomes.xml = Gnamod Base\Config\biomes.xml
		Gnamod Base A16\Config\biomes.xml = Gnamod Base A16\Config\biomes.xml
		Gnamod Base\Config\blocks.xml = Gnamod Base\Config\blocks.xml
		Gnamod Base A16\Config\blocks.xml = Gnamod Base A16\Config\blocks.xml
		Gnamod Base\Config\entityclasses.xml = Gnamod Base\Config\entityclasses.xml
		Gnamod Base A16\Config\entityclasses.xml = Gnamod Base A16\Config\entityclasses.xml
		Gnamod Base\Config\entitygroups.xml = Gnamod Base\Config\entitygroups.xml
		Gnamod Base A16\Config\entitygroups.xml = Gnamod Base A16\Config\entitygroups.xml
		Gnamod Base\Config\items.xml = Gnamod Base\Config\items.xml
		Gnamod Base A16\Config\items.xml = Gnamod Base A16\Config\items.xml
		Gnamod Base\Config\Localization.txt = Gnamod Base\Config\Localization.txt
		Gnamod Base A16\Config\Localization.txt = Gnamod Base A16\Config\Localization.txt
		Gnamod Base\Config\loot.xml = Gnamod Base\Config\loot.xml
		Gnamod Base A16\Config\loot.xml = Gnamod Base A16\Config\loot.xml
		Gnamod Base\Config\recipes.xml = Gnamod Base\Config\recipes.xml
		Gnamod Base A16\Config\recipes.xml = Gnamod Base A16\Config\recipes.xml
		Gnamod Base\Config\rwgmixer.xml = Gnamod Base\Config\rwgmixer.xml
		Gnamod Base A16\Config\rwgmixer.xml = Gnamod Base A16\Config\rwgmixer.xml
		Gnamod Base\Config\spawning.xml = Gnamod Base\Config\spawning.xml
		Gnamod Base A16\Config\spawning.xml = Gnamod Base A16\Config\spawning.xml
	EndProjectSection
EndProject
Project("{2150E333-8FDC-42A3-9474-1A3956D46DE8}") = "Prefabs", "Prefabs", "{3657383E-2177-494B-AC76-09D56FFE33E4}"
	ProjectSection(SolutionItems) = preProject
		Gnamod Base\Prefabs\settlement_trader_01.xml = Gnamod Base\Prefabs\settlement_trader_01.xml
		Gnamod Base A16\Prefabs\settlement_trader_01.xml = Gnamod Base A16\Prefabs\settlement_trader_01.xml
		Gnamod Base\Prefabs\settlement_trader_02.xml = Gnamod Base\Prefabs\settlement_trader_02.xml
		Gnamod Base A16\Prefabs\settlement_trader_02.xml = Gnamod Base A16\Prefabs\settlement_trader_02.xml
		Gnamod Base\Prefabs\settlement_trader_03.xml = Gnamod Base\Prefabs\settlement_trader_03.xml
		Gnamod Base A16\Prefabs\settlement_trader_03.xml = Gnamod Base A16\Prefabs\settlement_trader_03.xml
		Gnamod Base\Prefabs\settlement_trader_04.xml = Gnamod Base\Prefabs\settlement_trader_04.xml
		Gnamod Base A16\Prefabs\settlement_trader_04.xml = Gnamod Base A16\Prefabs\settlement_trader_04.xml
		Gnamod Base\Prefabs\settlement_trader_05.xml = Gnamod Base\Prefabs\settlement_trader_05.xml
		Gnamod Base A16\Prefabs\settlement_trader_05.xml = Gnamod Base A16\Prefabs\settlement_trader_05.xml
	EndProjectSection
EndProject
Project("{2150E333-8FDC-42A3-9474-1A3956D46DE8}") = "Gnamod Nomad A16", "Gnamod Nomad A16", "{59B2D2EA-6459-47FB-9265-0762DEFAF571}"
	ProjectSection(SolutionItems) = preProject
		Gnamod Nomad\biomes.xml = Gnamod Nomad\biomes.xml
		Gnamod Nomad A16\biomes.xml = Gnamod Nomad A16\biomes.xml
		Gnamod Nomad\recipes.xml = Gnamod Nomad\recipes.xml
		Gnamod Nomad A16\recipes.xml = Gnamod Nomad A16\recipes.xml
	EndProjectSection
EndProject
Global
	GlobalSection(SolutionProperties) = preSolution
		HideSolutionNode = FALSE
	EndGlobalSection
	GlobalSection(NestedProjects) = preSolution
		{F4973C1A-7B64-451D-A042-3E31A095FDE7} = {368D8A8A-D2DD-4C28-8673-70E712DDEE7F}
		{3657383E-2177-494B-AC76-09D56FFE33E4} = {368D8A8A-D2DD-4C28-8673-70E712DDEE7F}
	EndGlobalSection
	GlobalSection(ExtensibilityGlobals) = postSolution
		SolutionGuid = {16EFF306-1B45-4D72-9C41-97F84205D2EB}
	EndGlobalSection
EndGlobal
